// !$*UTF8*$!
{
	archiveVersion = 1;
	classes = {
	};
	objectVersion = 46;
	objects = {

/* Begin PBXAggregateTarget section */
		E7A3A7683E4BA165898FCE88 /* Earl Grey Matcha Spectral Panner - All */ = {
			isa = PBXAggregateTarget;
			buildConfigurationList = 90E6EE4114C66E056419ED09;
			buildPhases = (
			);
			dependencies = (
				0E2B3CBB2B2AC7CEEE00BD28,
				30F6D782B847D2E4419CFFAE,
				FED0581E2DC7CC03DCABCC15,
				892DF59E699F035ACE0B2C95,
			);
			name = "Earl Grey Matcha Spectral Panner - All";
			productName = "Earl Grey Matcha Spectral Panner";
		};
/* End PBXAggregateTarget section */

/* Begin PBXBuildFile section */
		05E5555C886B984B01A073AF /* include_juce_graphics.mm */ = {isa = PBXBuildFile; fileRef = 09C0FD3536075B1CA1BB67EC; };
		072D65E95ECEC8D0FBFDD19F /* include_juce_gui_extra.mm */ = {isa = PBXBuildFile; fileRef = 6F9A39AE4E560BC7290C9741; };
		0AA241344601B74769020B17 /* BinaryData.cpp */ = {isa = PBXBuildFile; fileRef = 91F73D7139DA3BC343C76D20; };
		0ACD8955CEE3AB4EB0C57C67 /* PluginProcessor.cpp */ = {isa = PBXBuildFile; fileRef = 3C62D5B2FED76517A629D3D8; };
		0F37899BA585D987B7F1DE12 /* include_juce_audio_basics.mm */ = {isa = PBXBuildFile; fileRef = 814539DCCFEEFC087E60CD71; };
		13A0752E8132C597CB95C77C /* include_juce_audio_plugin_client_ARA.cpp */ = {isa = PBXBuildFile; fileRef = F7E422C80C712DC7280E9732; };
		19367EF7FF782FFBF1DD1215 /* Metal.framework */ = {isa = PBXBuildFile; fileRef = 8CC2183BB626E67936AFBAE0; settings = { ATTRIBUTES = (Weak, ); }; };
		1A30121B8AB276A5A689DACC /* include_juce_graphics_Harfbuzz.cpp */ = {isa = PBXBuildFile; fileRef = 4AD91CD862ADF65B0F034ADE; };
		33336E05A61C8B3FF8F1D0D7 /* include_juce_audio_plugin_client_AU_2.mm */ = {isa = PBXBuildFile; fileRef = 83AC722780D901E20E97ACAA; };
		3B9FBF5C76EDD27D3728E094 /* AU */ = {isa = PBXBuildFile; fileRef = 9EFABBC108636FAA023A9518; };
		3C99243F19E7E01FE390D58C /* Security.framework */ = {isa = PBXBuildFile; fileRef = B0EEF37DFDD70EB817296248; };
		3EBBF7C3FCF7F38602E218C7 /* Cocoa.framework */ = {isa = PBXBuildFile; fileRef = 5D410C4C18E140867BB89C60; };
		45B04EDCB858E8680BD2599D /* VST3 */ = {isa = PBXBuildFile; fileRef = 0D8BE569A9C73C1BC4D74325; };
		4CC82D2150D45F47EC644AE4 /* include_juce_audio_plugin_client_AU_1.mm */ = {isa = PBXBuildFile; fileRef = B4A28D70E9E98B762B6161B9; };
		4CE6746CEE7EED62814AB14A /* include_juce_data_structures.mm */ = {isa = PBXBuildFile; fileRef = FF27FF4D31DA2C2E1E37D207; };
		4D0151EA68A2B6093A5FC08A /* CoreAudioKit.framework */ = {isa = PBXBuildFile; fileRef = 96B0804F6600A3CBA193FCD2; };
		50CBD6A8E2EE614847D9DBB9 /* include_juce_audio_processors_headless_lv2_libs.cpp */ = {isa = PBXBuildFile; fileRef = 236DB626B514614FA628097F; };
		5130559A241A5130673913E1 /* juce_VST3ManifestHelper.cpp */ = {isa = PBXBuildFile; fileRef = 091BADCE49E69EBE6125CB02; settings = { COMPILER_FLAGS = "-w -DJUCE_SKIP_PRECOMPILED_HEADER"; }; };
		526A81C2C6BDD69A313F0C36 /* include_juce_audio_processors_headless.mm */ = {isa = PBXBuildFile; fileRef = 23230FC8B54393B990F4D7EC; };
		5A24DEE2E376FB762E13EFE0 /* include_juce_gui_basics_3.cpp */ = {isa = PBXBuildFile; fileRef = F269CA42BF6B56C121E3943D; };
		62B61073FADEC69B0B59380C /* CoreMIDI.framework */ = {isa = PBXBuildFile; fileRef = A8A01F6020655B26C20EF2E7; };
		6415E097AD7981DA9F8836F0 /* include_juce_audio_devices.mm */ = {isa = PBXBuildFile; fileRef = 3A243A15F84A21F965D201C6; };
		6A5E6974706F637957899B64 /* include_juce_core.mm */ = {isa = PBXBuildFile; fileRef = 000C2054AF7310289AA6583F; };
		6D125E23DFF424ABF7239A75 /* Shared Code */ = {isa = PBXBuildFile; fileRef = 7127DE64479E561C80C79DD3; };
		71FE499963A251E45FF900E2 /* include_juce_audio_plugin_client_VST3.mm */ = {isa = PBXBuildFile; fileRef = 9932CD67A78759C09EED60E3; };
		737365B01EB9EB72DC1B10BD /* Accelerate.framework */ = {isa = PBXBuildFile; fileRef = 9BC09339D003338322A5FEDE; };
		7D179CEF3AA5ECA1932C605C /* include_juce_audio_processors.mm */ = {isa = PBXBuildFile; fileRef = ABD97E8CE9F3A60449559E0E; };
		8F3E29A32073FDB47C29DDE9 /* include_juce_gui_basics_5.cpp */ = {isa = PBXBuildFile; fileRef = F0994B6BDAEF49C065C993E3; };
		8F4F9688B796D599020E639B /* PluginEditor.cpp */ = {isa = PBXBuildFile; fileRef = 6BF49C034A0403512F477A89; };
		91F5F6A3CC0E5F6C38286F4A /* AudioUnit.framework */ = {isa = PBXBuildFile; fileRef = B8A2255B7157D3193217DFBD; };
		9927146FD330F31EB197BD67 /* include_juce_audio_processors_headless_ara.cpp */ = {isa = PBXBuildFile; fileRef = 2305FAEE733540B7D7B197A7; };
		9A91D7F08C8ABE271DA9D1D6 /* WebKit.framework */ = {isa = PBXBuildFile; fileRef = 93372EB7B8349E71C4D6EEE1; };
		9DD73BA818BC221868563A23 /* include_juce_gui_basics_4.cpp */ = {isa = PBXBuildFile; fileRef = 4AA5672811665A55C1AEBC13; };
		9F0DBE980BC05474009221CA /* AudioToolbox.framework */ = {isa = PBXBuildFile; fileRef = 624C6B2451BE8F731F97CF53; };
		9FDE8CE9CF50EEEB2C2358AC /* QuartzCore.framework */ = {isa = PBXBuildFile; fileRef = FE6FAC934BD59F83311E274D; };
		B0DC55A55B15348EF11CC3A5 /* include_juce_dsp.mm */ = {isa = PBXBuildFile; fileRef = D886A142A681EF4EEEEFBBB5; };
		B2A3FCB80046606B11D7B77E /* include_juce_core_CompilationTime.cpp */ = {isa = PBXBuildFile; fileRef = C9FD62BA322D096DFD1FC802; };
		B658A2ECF048783C8D004B51 /* IOKit.framework */ = {isa = PBXBuildFile; fileRef = 871A9224D2262EAC87093972; };
		BE1B2559AA6BD9591C44CF9F /* include_juce_graphics_Sheenbidi.c */ = {isa = PBXBuildFile; fileRef = 34EB933365D34201139A5095; };
		C2A406B8149205DA11FDCA06 /* CoreAudio.framework */ = {isa = PBXBuildFile; fileRef = BA5B04E547434ACFE6088A00; };
		CA4A3DCDC70D163CDB89E99E /* MetalKit.framework */ = {isa = PBXBuildFile; fileRef = 6C3F535C447CE9E9B55321B4; settings = { ATTRIBUTES = (Weak, ); }; };
		CF26A3C8A57F62468F21830D /* Foundation.framework */ = {isa = PBXBuildFile; fileRef = 67C6DA3433949FDB0B0C51E0; };
		D37A6C88D220B7434BF8DDA7 /* include_juce_audio_utils.mm */ = {isa = PBXBuildFile; fileRef = 1D60DFF10B8707AA4B3A148C; };
		DD96E502423FAF12EF28621A /* include_juce_events.mm */ = {isa = PBXBuildFile; fileRef = 3DC28706F1CB3C938E33E038; };
		E65A201C69381423C3F8FDAE /* include_juce_gui_basics_2.cpp */ = {isa = PBXBuildFile; fileRef = 27500A03D7322C07B54F6812; };
		EFB13143128A163189645DCA /* VST3 Manifest Helper */ = {isa = PBXBuildFile; fileRef = AF912C3B7CAB403C14D1C679; };
		F9F434B502E1B8691FFA341C /* include_juce_gui_basics.mm */ = {isa = PBXBuildFile; fileRef = 7E6224E2066C28040E5B4F21; };
		FB3FEF584F24E3E963B4B504 /* DiscRecording.framework */ = {isa = PBXBuildFile; fileRef = CCE1B84E1235D1F0C3E345C3; };
		FC4EDC0614AB83715C650C0C /* RecentFilesMenuTemplate.nib */ = {isa = PBXBuildFile; fileRef = 7C7D88A1736964490E8B4C05; };
		FF6F0A8FBE39039140C40772 /* include_juce_audio_formats.mm */ = {isa = PBXBuildFile; fileRef = 6D25DB59E1CC00BF6AA3F183; };
/* End PBXBuildFile section */

/* Begin PBXFileReference section */
		000C2054AF7310289AA6583F /* include_juce_core.mm */ /* include_juce_core.mm */ = {isa = PBXFileReference; lastKnownFileType = sourcecode.cpp.objcpp; name = include_juce_core.mm; path = ../../JuceLibraryCode/include_juce_core.mm; sourceTree = SOURCE_ROOT; };
		0078AB9AB94101A3A18FC64A /* juce_audio_basics */ /* juce_audio_basics */ = {isa = PBXFileReference; lastKnownFileType = folder; name = juce_audio_basics; path = /Applications/JUCE/modules/juce_audio_basics; sourceTree = "<absolute>"; };
		0789F8826FB5A403CBC7D6B7 /* PluginEditor.h */ /* PluginEditor.h */ = {isa = PBXFileReference; lastKnownFileType = sourcecode.c.h; name = PluginEditor.h; path = ../../Source/PluginEditor.h; sourceTree = SOURCE_ROOT; };
		091BADCE49E69EBE6125CB02 /* juce_VST3ManifestHelper.cpp */ /* juce_VST3ManifestHelper.cpp */ = {isa = PBXFileReference; lastKnownFileType = sourcecode.cpp.cpp; name = juce_VST3ManifestHelper.cpp; path = /Applications/JUCE/modules/juce_audio_plugin_client/VST3/juce_VST3ManifestHelper.cpp; sourceTree = "<absolute>"; };
		09C0FD3536075B1CA1BB67EC /* include_juce_graphics.mm */ /* include_juce_graphics.mm */ = {isa = PBXFileReference; lastKnownFileType = sourcecode.cpp.objcpp; name = include_juce_graphics.mm; path = ../../JuceLibraryCode/include_juce_graphics.mm; sourceTree = SOURCE_ROOT; };
		0A91690085FD6BCB41C02358 /* juce_core */ /* juce_core */ = {isa = PBXFileReference; lastKnownFileType = folder; name = juce_core; path = /Applications/JUCE/modules/juce_core; sourceTree = "<absolute>"; };
		0D8BE569A9C73C1BC4D74325 /* VST3 */ = {isa = PBXFileReference; explicitFileType = wrapper.cfbundle; includeInIndex = 0; path = "Earl Grey Matcha Spectral Panner.vst3"; sourceTree = BUILT_PRODUCTS_DIR; };
		0DAB9A956D7BD44CFF2C2ED8 /* Info-VST3.plist */ /* Info-VST3.plist */ = {isa = PBXFileReference; lastKnownFileType = text.plist.xml; name = "Info-VST3.plist"; path = "Info-VST3.plist"; sourceTree = SOURCE_ROOT; };
		1458E70684584C5EAF94E84D /* BinaryData.h */ /* BinaryData.h */ = {isa = PBXFileReference; lastKnownFileType = sourcecode.c.h; name = BinaryData.h; path = ../../JuceLibraryCode/BinaryData.h; sourceTree = SOURCE_ROOT; };
		1D60DFF10B8707AA4B3A148C /* include_juce_audio_utils.mm */ /* include_juce_audio_utils.mm */ = {isa = PBXFileReference; lastKnownFileType = sourcecode.cpp.objcpp; name = include_juce_audio_utils.mm; path = ../../JuceLibraryCode/include_juce_audio_utils.mm; sourceTree = SOURCE_ROOT; };
		2305FAEE733540B7D7B197A7 /* include_juce_audio_processors_headless_ara.cpp */ /* include_juce_audio_processors_headless_ara.cpp */ = {isa = PBXFileReference; lastKnownFileType = sourcecode.cpp.cpp; name = include_juce_audio_processors_headless_ara.cpp; path = ../../JuceLibraryCode/include_juce_audio_processors_headless_ara.cpp; sourceTree = SOURCE_ROOT; };
		23230FC8B54393B990F4D7EC /* include_juce_audio_processors_headless.mm */ /* include_juce_audio_processors_headless.mm */ = {isa = PBXFileReference; lastKnownFileType = sourcecode.cpp.objcpp; name = include_juce_audio_processors_headless.mm; path = ../../JuceLibraryCode/include_juce_audio_processors_headless.mm; sourceTree = SOURCE_ROOT; };
		236DB626B514614FA628097F /* include_juce_audio_processors_headless_lv2_libs.cpp */ /* include_juce_audio_processors_headless_lv2_libs.cpp */ = {isa = PBXFileReference; lastKnownFileType = sourcecode.cpp.cpp; name = include_juce_audio_processors_headless_lv2_libs.cpp; path = ../../JuceLibraryCode/include_juce_audio_processors_headless_lv2_libs.cpp; sourceTree = SOURCE_ROOT; };
		27500A03D7322C07B54F6812 /* include_juce_gui_basics_2.cpp */ /* include_juce_gui_basics_2.cpp */ = {isa = PBXFileReference; lastKnownFileType = sourcecode.cpp.cpp; name = include_juce_gui_basics_2.cpp; path = ../../JuceLibraryCode/include_juce_gui_basics_2.cpp; sourceTree = SOURCE_ROOT; };
		34EB933365D34201139A5095 /* include_juce_graphics_Sheenbidi.c */ /* include_juce_graphics_Sheenbidi.c */ = {isa = PBXFileReference; lastKnownFileType = sourcecode.c.c; name = include_juce_graphics_Sheenbidi.c; path = ../../JuceLibraryCode/include_juce_graphics_Sheenbidi.c; sourceTree = SOURCE_ROOT; };
		3A243A15F84A21F965D201C6 /* include_juce_audio_devices.mm */ /* include_juce_audio_devices.mm */ = {isa = PBXFileReference; lastKnownFileType = sourcecode.cpp.objcpp; name = include_juce_audio_devices.mm; path = ../../JuceLibraryCode/include_juce_audio_devices.mm; sourceTree = SOURCE_ROOT; };
		3C62D5B2FED76517A629D3D8 /* PluginProcessor.cpp */ /* PluginProcessor.cpp */ = {isa = PBXFileReference; lastKnownFileType = sourcecode.cpp.cpp; name = PluginProcessor.cpp; path = ../../Source/PluginProcessor.cpp; sourceTree = SOURCE_ROOT; };
		3DC28706F1CB3C938E33E038 /* include_juce_events.mm */ /* include_juce_events.mm */ = {isa = PBXFileReference; lastKnownFileType = sourcecode.cpp.objcpp; name = include_juce_events.mm; path = ../../JuceLibraryCode/include_juce_events.mm; sourceTree = SOURCE_ROOT; };
		3EE300221B6F81DDC6C3B963 /* PluginProcessor.h */ /* PluginProcessor.h */ = {isa = PBXFileReference; lastKnownFileType = sourcecode.c.h; name = PluginProcessor.h; path = ../../Source/PluginProcessor.h; sourceTree = SOURCE_ROOT; };
		4207CD3BE5F0856B2F05DE90 /* Talina DEMO.otf */ /* Talina DEMO.otf */ = {isa = PBXFileReference; lastKnownFileType = file.otf; name = "Talina DEMO.otf"; path = "../../../../../Library/Fonts/Talina DEMO.otf"; sourceTree = SOURCE_ROOT; };
		4AA5672811665A55C1AEBC13 /* include_juce_gui_basics_4.cpp */ /* include_juce_gui_basics_4.cpp */ = {isa = PBXFileReference; lastKnownFileType = sourcecode.cpp.cpp; name = include_juce_gui_basics_4.cpp; path = ../../JuceLibraryCode/include_juce_gui_basics_4.cpp; sourceTree = SOURCE_ROOT; };
		4AD91CD862ADF65B0F034ADE /* include_juce_graphics_Harfbuzz.cpp */ /* include_juce_graphics_Harfbuzz.cpp */ = {isa = PBXFileReference; lastKnownFileType = sourcecode.cpp.cpp; name = include_juce_graphics_Harfbuzz.cpp; path = ../../JuceLibraryCode/include_juce_graphics_Harfbuzz.cpp; sourceTree = SOURCE_ROOT; };
		5D410C4C18E140867BB89C60 /* Cocoa.framework */ /* Cocoa.framework */ = {isa = PBXFileReference; lastKnownFileType = wrapper.framework; name = Cocoa.framework; path = System/Library/Frameworks/Cocoa.framework; sourceTree = SDKROOT; };
		5F0F92FC484DCC82080B3CD2 /* juce_audio_devices */ /* juce_audio_devices */ = {isa = PBXFileReference; lastKnownFileType = folder; name = juce_audio_devices; path = /Applications/JUCE/modules/juce_audio_devices; sourceTree = "<absolute>"; };
		624C6B2451BE8F731F97CF53 /* AudioToolbox.framework */ /* AudioToolbox.framework */ = {isa = PBXFileReference; lastKnownFileType = wrapper.framework; name = AudioToolbox.framework; path = System/Library/Frameworks/AudioToolbox.framework; sourceTree = SDKROOT; };
		67C6DA3433949FDB0B0C51E0 /* Foundation.framework */ /* Foundation.framework */ = {isa = PBXFileReference; lastKnownFileType = wrapper.framework; name = Foundation.framework; path = System/Library/Frameworks/Foundation.framework; sourceTree = SDKROOT; };
		6BF49C034A0403512F477A89 /* PluginEditor.cpp */ /* PluginEditor.cpp */ = {isa = PBXFileReference; lastKnownFileType = sourcecode.cpp.cpp; name = PluginEditor.cpp; path = ../../Source/PluginEditor.cpp; sourceTree = SOURCE_ROOT; };
		6C3F535C447CE9E9B55321B4 /* MetalKit.framework */ /* MetalKit.framework */ = {isa = PBXFileReference; lastKnownFileType = wrapper.framework; name = MetalKit.framework; path = System/Library/Frameworks/MetalKit.framework; sourceTree = SDKROOT; };
		6D25DB59E1CC00BF6AA3F183 /* include_juce_audio_formats.mm */ /* include_juce_audio_formats.mm */ = {isa = PBXFileReference; lastKnownFileType = sourcecode.cpp.objcpp; name = include_juce_audio_formats.mm; path = ../../JuceLibraryCode/include_juce_audio_formats.mm; sourceTree = SOURCE_ROOT; };
		6F9A39AE4E560BC7290C9741 /* include_juce_gui_extra.mm */ /* include_juce_gui_extra.mm */ = {isa = PBXFileReference; lastKnownFileType = sourcecode.cpp.objcpp; name = include_juce_gui_extra.mm; path = ../../JuceLibraryCode/include_juce_gui_extra.mm; sourceTree = SOURCE_ROOT; };
		7051AAEC71311B5D2930624B /* juce_graphics */ /* juce_graphics */ = {isa = PBXFileReference; lastKnownFileType = folder; name = juce_graphics; path = /Applications/JUCE/modules/juce_graphics; sourceTree = "<absolute>"; };
		7127DE64479E561C80C79DD3 /* Shared Code */ = {isa = PBXFileReference; explicitFileType = archive.ar; includeInIndex = 0; path = "libEarl Grey Matcha Spectral Panner.a"; sourceTree = BUILT_PRODUCTS_DIR; };
		740F2AE0973ED909FECD88D8 /* matcha_cup.png */ /* matcha_cup.png */ = {isa = PBXFileReference; lastKnownFileType = image.png; name = matcha_cup.png; path = ../../../../../Downloads/matcha_cup.png; sourceTree = SOURCE_ROOT; };
		7636441EE9833E40DB6B2E35 /* PannerlookAndFeel.h */ /* PannerlookAndFeel.h */ = {isa = PBXFileReference; lastKnownFileType = sourcecode.c.h; name = PannerlookAndFeel.h; path = ../../Source/PannerlookAndFeel.h; sourceTree = SOURCE_ROOT; };
		766724851D4690AA61681CD8 /* Info-AU.plist */ /* Info-AU.plist */ = {isa = PBXFileReference; lastKnownFileType = text.plist.xml; name = "Info-AU.plist"; path = "Info-AU.plist"; sourceTree = SOURCE_ROOT; };
		7C7D88A1736964490E8B4C05 /* RecentFilesMenuTemplate.nib */ /* RecentFilesMenuTemplate.nib */ = {isa = PBXFileReference; lastKnownFileType = file.nib; name = RecentFilesMenuTemplate.nib; path = RecentFilesMenuTemplate.nib; sourceTree = SOURCE_ROOT; };
		7E6224E2066C28040E5B4F21 /* include_juce_gui_basics.mm */ /* include_juce_gui_basics.mm */ = {isa = PBXFileReference; lastKnownFileType = sourcecode.cpp.objcpp; name = include_juce_gui_basics.mm; path = ../../JuceLibraryCode/include_juce_gui_basics.mm; sourceTree = SOURCE_ROOT; };
		814539DCCFEEFC087E60CD71 /* include_juce_audio_basics.mm */ /* include_juce_audio_basics.mm */ = {isa = PBXFileReference; lastKnownFileType = sourcecode.cpp.objcpp; name = include_juce_audio_basics.mm; path = ../../JuceLibraryCode/include_juce_audio_basics.mm; sourceTree = SOURCE_ROOT; };
		816F4F0FA6BA1247662367B6 /* juce_audio_formats */ /* juce_audio_formats */ = {isa = PBXFileReference; lastKnownFileType = folder; name = juce_audio_formats; path = /Applications/JUCE/modules/juce_audio_formats; sourceTree = "<absolute>"; };
		83AC722780D901E20E97ACAA /* include_juce_audio_plugin_client_AU_2.mm */ /* include_juce_audio_plugin_client_AU_2.mm */ = {isa = PBXFileReference; lastKnownFileType = sourcecode.cpp.objcpp; name = include_juce_audio_plugin_client_AU_2.mm; path = ../../JuceLibraryCode/include_juce_audio_plugin_client_AU_2.mm; sourceTree = SOURCE_ROOT; };
		871A9224D2262EAC87093972 /* IOKit.framework */ /* IOKit.framework */ = {isa = PBXFileReference; lastKnownFileType = wrapper.framework; name = IOKit.framework; path = System/Library/Frameworks/IOKit.framework; sourceTree = SDKROOT; };
		8CC2183BB626E67936AFBAE0 /* Metal.framework */ /* Metal.framework */ = {isa = PBXFileReference; lastKnownFileType = wrapper.framework; name = Metal.framework; path = System/Library/Frameworks/Metal.framework; sourceTree = SDKROOT; };
		91F73D7139DA3BC343C76D20 /* BinaryData.cpp */ /* BinaryData.cpp */ = {isa = PBXFileReference; lastKnownFileType = sourcecode.cpp.cpp; name = BinaryData.cpp; path = ../../JuceLibraryCode/BinaryData.cpp; sourceTree = SOURCE_ROOT; };
		93372EB7B8349E71C4D6EEE1 /* WebKit.framework */ /* WebKit.framework */ = {isa = PBXFileReference; lastKnownFileType = wrapper.framework; name = WebKit.framework; path = System/Library/Frameworks/WebKit.framework; sourceTree = SDKROOT; };
		96B0804F6600A3CBA193FCD2 /* CoreAudioKit.framework */ /* CoreAudioKit.framework */ = {isa = PBXFileReference; lastKnownFileType = wrapper.framework; name = CoreAudioKit.framework; path = System/Library/Frameworks/CoreAudioKit.framework; sourceTree = SDKROOT; };
		9932CD67A78759C09EED60E3 /* include_juce_audio_plugin_client_VST3.mm */ /* include_juce_audio_plugin_client_VST3.mm */ = {isa = PBXFileReference; lastKnownFileType = sourcecode.cpp.objcpp; name = include_juce_audio_plugin_client_VST3.mm; path = ../../JuceLibraryCode/include_juce_audio_plugin_client_VST3.mm; sourceTree = SOURCE_ROOT; };
		99C06CDBC9BE6C7FD13F539C /* juce_gui_basics */ /* juce_gui_basics */ = {isa = PBXFileReference; lastKnownFileType = folder; name = juce_gui_basics; path = /Applications/JUCE/modules/juce_gui_basics; sourceTree = "<absolute>"; };
		9A4DB63D49CB197CFD5D3845 /* juce_audio_processors */ /* juce_audio_processors */ = {isa = PBXFileReference; lastKnownFileType = folder; name = juce_audio_processors; path = /Applications/JUCE/modules/juce_audio_processors; sourceTree = "<absolute>"; };
		9BC09339D003338322A5FEDE /* Accelerate.framework */ /* Accelerate.framework */ = {isa = PBXFileReference; lastKnownFileType = wrapper.framework; name = Accelerate.framework; path = System/Library/Frameworks/Accelerate.framework; sourceTree = SDKROOT; };
		9EFABBC108636FAA023A9518 /* AU */ = {isa = PBXFileReference; explicitFileType = wrapper.cfbundle; includeInIndex = 0; path = "Earl Grey Matcha Spectral Panner.component"; sourceTree = BUILT_PRODUCTS_DIR; };
		A8A01F6020655B26C20EF2E7 /* CoreMIDI.framework */ /* CoreMIDI.framework */ = {isa = PBXFileReference; lastKnownFileType = wrapper.framework; name = CoreMIDI.framework; path = System/Library/Frameworks/CoreMIDI.framework; sourceTree = SDKROOT; };
		ABD97E8CE9F3A60449559E0E /* include_juce_audio_processors.mm */ /* include_juce_audio_processors.mm */ = {isa = PBXFileReference; lastKnownFileType = sourcecode.cpp.objcpp; name = include_juce_audio_processors.mm; path = ../../JuceLibraryCode/include_juce_audio_processors.mm; sourceTree = SOURCE_ROOT; };
		AF912C3B7CAB403C14D1C679 /* VST3 Manifest Helper */ = {isa = PBXFileReference; explicitFileType = "compiled.mach-o.executable"; includeInIndex = 0; path = juce_vst3_helper; sourceTree = BUILT_PRODUCTS_DIR; };
		B0EEF37DFDD70EB817296248 /* Security.framework */ /* Security.framework */ = {isa = PBXFileReference; lastKnownFileType = wrapper.framework; name = Security.framework; path = System/Library/Frameworks/Security.framework; sourceTree = SDKROOT; };
		B346EEDABC5D230ED4A71238 /* Info-VST3_Manifest_Helper.plist */ /* Info-VST3_Manifest_Helper.plist */ = {isa = PBXFileReference; lastKnownFileType = text.plist.xml; name = "Info-VST3_Manifest_Helper.plist"; path = "Info-VST3_Manifest_Helper.plist"; sourceTree = SOURCE_ROOT; };
		B4A28D70E9E98B762B6161B9 /* include_juce_audio_plugin_client_AU_1.mm */ /* include_juce_audio_plugin_client_AU_1.mm */ = {isa = PBXFileReference; lastKnownFileType = sourcecode.cpp.objcpp; name = include_juce_audio_plugin_client_AU_1.mm; path = ../../JuceLibraryCode/include_juce_audio_plugin_client_AU_1.mm; sourceTree = SOURCE_ROOT; };
		B8A2255B7157D3193217DFBD /* AudioUnit.framework */ /* AudioUnit.framework */ = {isa = PBXFileReference; lastKnownFileType = wrapper.framework; name = AudioUnit.framework; path = System/Library/Frameworks/AudioUnit.framework; sourceTree = SDKROOT; };
		BA5B04E547434ACFE6088A00 /* CoreAudio.framework */ /* CoreAudio.framework */ = {isa = PBXFileReference; lastKnownFileType = wrapper.framework; name = CoreAudio.framework; path = System/Library/Frameworks/CoreAudio.framework; sourceTree = SDKROOT; };
		BAD75B84E0AFAD938A7F987B /* juce_dsp */ /* juce_dsp */ = {isa = PBXFileReference; lastKnownFileType = folder; name = juce_dsp; path = /Applications/JUCE/modules/juce_dsp; sourceTree = "<absolute>"; };
		BCC9DBA26653D09BD9E734C3 /* JuceHeader.h */ /* JuceHeader.h */ = {isa = PBXFileReference; lastKnownFileType = sourcecode.c.h; name = JuceHeader.h; path = ../../JuceLibraryCode/JuceHeader.h; sourceTree = SOURCE_ROOT; };
		C0D56640012EC7D4821E03B1 /* juce_events */ /* juce_events */ = {isa = PBXFileReference; lastKnownFileType = folder; name = juce_events; path = /Applications/JUCE/modules/juce_events; sourceTree = "<absolute>"; };
		C43A3A4E2AA61911126602CD /* juce_audio_plugin_client */ /* juce_audio_plugin_client */ = {isa = PBXFileReference; lastKnownFileType = folder; name = juce_audio_plugin_client; path = /Applications/JUCE/modules/juce_audio_plugin_client; sourceTree = "<absolute>"; };
		C7DB21C24EF5DCE3B31808B2 /* juce_audio_utils */ /* juce_audio_utils */ = {isa = PBXFileReference; lastKnownFileType = folder; name = juce_audio_utils; path = /Applications/JUCE/modules/juce_audio_utils; sourceTree = "<absolute>"; };
		C9FD62BA322D096DFD1FC802 /* include_juce_core_CompilationTime.cpp */ /* include_juce_core_CompilationTime.cpp */ = {isa = PBXFileReference; lastKnownFileType = sourcecode.cpp.cpp; name = include_juce_core_CompilationTime.cpp; path = ../../JuceLibraryCode/include_juce_core_CompilationTime.cpp; sourceTree = SOURCE_ROOT; };
		CCE1B84E1235D1F0C3E345C3 /* DiscRecording.framework */ /* DiscRecording.framework */ = {isa = PBXFileReference; lastKnownFileType = wrapper.framework; name = DiscRecording.framework; path = System/Library/Frameworks/DiscRecording.framework; sourceTree = SDKROOT; };
		D886A142A681EF4EEEEFBBB5 /* include_juce_dsp.mm */ /* include_juce_dsp.mm */ = {isa = PBXFileReference; lastKnownFileType = sourcecode.cpp.objcpp; name = include_juce_dsp.mm; path = ../../JuceLibraryCode/include_juce_dsp.mm; sourceTree = SOURCE_ROOT; };
		E9AD2D91FF492A84A6AAFA0F /* juce_data_structures */ /* juce_data_structures */ = {isa = PBXFileReference; lastKnownFileType = folder; name = juce_data_structures; path = /Applications/JUCE/modules/juce_data_structures; sourceTree = "<absolute>"; };
		EE7C651460A3B1B36C98A31E /* juce_audio_processors_headless */ /* juce_audio_processors_headless */ = {isa = PBXFileReference; lastKnownFileType = folder; name = juce_audio_processors_headless; path = /Applications/JUCE/modules/juce_audio_processors_headless; sourceTree = "<absolute>"; };
		F0994B6BDAEF49C065C993E3 /* include_juce_gui_basics_5.cpp */ /* include_juce_gui_basics_5.cpp */ = {isa = PBXFileReference; lastKnownFileType = sourcecode.cpp.cpp; name = include_juce_gui_basics_5.cpp; path = ../../JuceLibraryCode/include_juce_gui_basics_5.cpp; sourceTree = SOURCE_ROOT; };
		F23ECAF856695A607CBFBB35 /* juce_gui_extra */ /* juce_gui_extra */ = {isa = PBXFileReference; lastKnownFileType = folder; name = juce_gui_extra; path = /Applications/JUCE/modules/juce_gui_extra; sourceTree = "<absolute>"; };
		F269CA42BF6B56C121E3943D /* include_juce_gui_basics_3.cpp */ /* include_juce_gui_basics_3.cpp */ = {isa = PBXFileReference; lastKnownFileType = sourcecode.cpp.cpp; name = include_juce_gui_basics_3.cpp; path = ../../JuceLibraryCode/include_juce_gui_basics_3.cpp; sourceTree = SOURCE_ROOT; };
		F7E422C80C712DC7280E9732 /* include_juce_audio_plugin_client_ARA.cpp */ /* include_juce_audio_plugin_client_ARA.cpp */ = {isa = PBXFileReference; lastKnownFileType = sourcecode.cpp.cpp; name = include_juce_audio_plugin_client_ARA.cpp; path = ../../JuceLibraryCode/include_juce_audio_plugin_client_ARA.cpp; sourceTree = SOURCE_ROOT; };
		F9F1438652F4D3C7AEECE48D /* JucePluginDefines.h */ /* JucePluginDefines.h */ = {isa = PBXFileReference; lastKnownFileType = sourcecode.c.h; name = JucePluginDefines.h; path = ../../JuceLibraryCode/JucePluginDefines.h; sourceTree = SOURCE_ROOT; };
		FE6FAC934BD59F83311E274D /* QuartzCore.framework */ /* QuartzCore.framework */ = {isa = PBXFileReference; lastKnownFileType = wrapper.framework; name = QuartzCore.framework; path = System/Library/Frameworks/QuartzCore.framework; sourceTree = SDKROOT; };
		FF27FF4D31DA2C2E1E37D207 /* include_juce_data_structures.mm */ /* include_juce_data_structures.mm */ = {isa = PBXFileReference; lastKnownFileType = sourcecode.cpp.objcpp; name = include_juce_data_structures.mm; path = ../../JuceLibraryCode/include_juce_data_structures.mm; sourceTree = SOURCE_ROOT; };
/* End PBXFileReference section */

/* Begin PBXFrameworksBuildPhase section */
		2D1518582FB57E9AFA36D3F5 = {
			isa = PBXFrameworksBuildPhase;
			buildActionMask = 2147483647;
			files = (
				737365B01EB9EB72DC1B10BD,
				9F0DBE980BC05474009221CA,
				3EBBF7C3FCF7F38602E218C7,
				C2A406B8149205DA11FDCA06,
				4D0151EA68A2B6093A5FC08A,
				62B61073FADEC69B0B59380C,
				FB3FEF584F24E3E963B4B504,
				CF26A3C8A57F62468F21830D,
				B658A2ECF048783C8D004B51,
				9FDE8CE9CF50EEEB2C2358AC,
				3C99243F19E7E01FE390D58C,
				9A91D7F08C8ABE271DA9D1D6,
				19367EF7FF782FFBF1DD1215,
				CA4A3DCDC70D163CDB89E99E,
			);
			runOnlyForDeploymentPostprocessing = 0;
		};
		6BE68D48B501DEC4D29BA0FF = {
			isa = PBXFrameworksBuildPhase;
			buildActionMask = 2147483647;
			files = (
				91F5F6A3CC0E5F6C38286F4A,
				737365B01EB9EB72DC1B10BD,
				9F0DBE980BC05474009221CA,
				3EBBF7C3FCF7F38602E218C7,
				C2A406B8149205DA11FDCA06,
				4D0151EA68A2B6093A5FC08A,
				62B61073FADEC69B0B59380C,
				FB3FEF584F24E3E963B4B504,
				CF26A3C8A57F62468F21830D,
				B658A2ECF048783C8D004B51,
				9FDE8CE9CF50EEEB2C2358AC,
				3C99243F19E7E01FE390D58C,
				9A91D7F08C8ABE271DA9D1D6,
				19367EF7FF782FFBF1DD1215,
				CA4A3DCDC70D163CDB89E99E,
			);
			runOnlyForDeploymentPostprocessing = 0;
		};
		7A543E268C3900DC36170E10 = {
			isa = PBXFrameworksBuildPhase;
			buildActionMask = 2147483647;
			files = (
				737365B01EB9EB72DC1B10BD,
				9F0DBE980BC05474009221CA,
				3EBBF7C3FCF7F38602E218C7,
				C2A406B8149205DA11FDCA06,
				4D0151EA68A2B6093A5FC08A,
				62B61073FADEC69B0B59380C,
				FB3FEF584F24E3E963B4B504,
				CF26A3C8A57F62468F21830D,
				B658A2ECF048783C8D004B51,
				9FDE8CE9CF50EEEB2C2358AC,
				3C99243F19E7E01FE390D58C,
				9A91D7F08C8ABE271DA9D1D6,
				19367EF7FF782FFBF1DD1215,
				CA4A3DCDC70D163CDB89E99E,
			);
			runOnlyForDeploymentPostprocessing = 0;
		};
/* End PBXFrameworksBuildPhase section */

/* Begin PBXGroup section */
		4C09FD55194E00049EB248B9 /* Source */ = {
			isa = PBXGroup;
			children = (
				740F2AE0973ED909FECD88D8,
				3C62D5B2FED76517A629D3D8,
				3EE300221B6F81DDC6C3B963,
				6BF49C034A0403512F477A89,
				0789F8826FB5A403CBC7D6B7,
				4207CD3BE5F0856B2F05DE90,
				7636441EE9833E40DB6B2E35,
			);
			name = Source;
			sourceTree = "<group>";
		};
		8121833D69D207C34BCA78BA /* Products */ = {
			isa = PBXGroup;
			children = (
				0D8BE569A9C73C1BC4D74325,
				9EFABBC108636FAA023A9518,
				7127DE64479E561C80C79DD3,
				AF912C3B7CAB403C14D1C679,
			);
			name = Products;
			sourceTree = "<group>";
		};
		8E4162D029BDF275FFFD281A /* Frameworks */ = {
			isa = PBXGroup;
			children = (
				B8A2255B7157D3193217DFBD,
				9BC09339D003338322A5FEDE,
				624C6B2451BE8F731F97CF53,
				5D410C4C18E140867BB89C60,
				BA5B04E547434ACFE6088A00,
				96B0804F6600A3CBA193FCD2,
				A8A01F6020655B26C20EF2E7,
				CCE1B84E1235D1F0C3E345C3,
				67C6DA3433949FDB0B0C51E0,
				871A9224D2262EAC87093972,
				FE6FAC934BD59F83311E274D,
				B0EEF37DFDD70EB817296248,
				93372EB7B8349E71C4D6EEE1,
				8CC2183BB626E67936AFBAE0,
				6C3F535C447CE9E9B55321B4,
			);
			name = Frameworks;
			sourceTree = "<group>";
		};
		A5050949130E8FB15DFF7753 /* Resources */ = {
			isa = PBXGroup;
			children = (
				0DAB9A956D7BD44CFF2C2ED8,
				766724851D4690AA61681CD8,
				B346EEDABC5D230ED4A71238,
				7C7D88A1736964490E8B4C05,
			);
			name = Resources;
			sourceTree = "<group>";
		};
		B3139EF86C834BA2768F5CCB /* JUCE Library Code */ = {
			isa = PBXGroup;
			children = (
				91F73D7139DA3BC343C76D20,
				1458E70684584C5EAF94E84D,
				814539DCCFEEFC087E60CD71,
				3A243A15F84A21F965D201C6,
				6D25DB59E1CC00BF6AA3F183,
				F7E422C80C712DC7280E9732,
				B4A28D70E9E98B762B6161B9,
				83AC722780D901E20E97ACAA,
				9932CD67A78759C09EED60E3,
				ABD97E8CE9F3A60449559E0E,
				23230FC8B54393B990F4D7EC,
				2305FAEE733540B7D7B197A7,
				236DB626B514614FA628097F,
				1D60DFF10B8707AA4B3A148C,
				000C2054AF7310289AA6583F,
				C9FD62BA322D096DFD1FC802,
				FF27FF4D31DA2C2E1E37D207,
				D886A142A681EF4EEEEFBBB5,
				3DC28706F1CB3C938E33E038,
				09C0FD3536075B1CA1BB67EC,
				4AD91CD862ADF65B0F034ADE,
				34EB933365D34201139A5095,
				7E6224E2066C28040E5B4F21,
				27500A03D7322C07B54F6812,
				F269CA42BF6B56C121E3943D,
				4AA5672811665A55C1AEBC13,
				F0994B6BDAEF49C065C993E3,
				6F9A39AE4E560BC7290C9741,
				BCC9DBA26653D09BD9E734C3,
				F9F1438652F4D3C7AEECE48D,
			);
			name = "JUCE Library Code";
			sourceTree = "<group>";
		};
		D409DFDB5F4A6BAA0FA87896 /* Earl Grey Matcha Spectral Panner */ = {
			isa = PBXGroup;
			children = (
				4C09FD55194E00049EB248B9,
			);
			name = "Earl Grey Matcha Spectral Panner";
			sourceTree = "<group>";
		};
		D7279AEB105365B8D242C34C /* JUCE Modules */ = {
			isa = PBXGroup;
			children = (
				0078AB9AB94101A3A18FC64A,
				5F0F92FC484DCC82080B3CD2,
				816F4F0FA6BA1247662367B6,
				C43A3A4E2AA61911126602CD,
				9A4DB63D49CB197CFD5D3845,
				EE7C651460A3B1B36C98A31E,
				C7DB21C24EF5DCE3B31808B2,
				0A91690085FD6BCB41C02358,
				E9AD2D91FF492A84A6AAFA0F,
				BAD75B84E0AFAD938A7F987B,
				C0D56640012EC7D4821E03B1,
				7051AAEC71311B5D2930624B,
				99C06CDBC9BE6C7FD13F539C,
				F23ECAF856695A607CBFBB35,
			);
			name = "JUCE Modules";
			sourceTree = "<group>";
		};
		E667528BA828911F64F5F1E8 /* Source */ = {
			isa = PBXGroup;
			children = (
				D409DFDB5F4A6BAA0FA87896,
				D7279AEB105365B8D242C34C,
				B3139EF86C834BA2768F5CCB,
				A5050949130E8FB15DFF7753,
				8E4162D029BDF275FFFD281A,
				8121833D69D207C34BCA78BA,
			);
			name = Source;
			sourceTree = "<group>";
		};
/* End PBXGroup section */

/* Begin PBXNativeTarget section */
		1A21B1194CF6B2133BB25689 /* Earl Grey Matcha Spectral Panner - AU */ = {
			isa = PBXNativeTarget;
			buildConfigurationList = EE943EF18F5DDBC596E2A9EA;
			buildPhases = (
				7E861B69B6B8BD0AD3CD8142,
				88E5BA02E12847751590455A,
				6BE68D48B501DEC4D29BA0FF,
				6E41DCA707842DF6C3B039F3,
				A2417C0E2D44F22360C0E384,
			);
			buildRules = (
			);
			dependencies = (
				250907FA56CD56CEF6D71DD9,
			);
			name = "Earl Grey Matcha Spectral Panner - AU";
			productName = "Earl Grey Matcha Spectral Panner";
			productReference = 9EFABBC108636FAA023A9518;
			productType = "com.apple.product-type.bundle";
		};
		560ADE6BD1FDA2116856033B /* Earl Grey Matcha Spectral Panner - Shared Code */ = {
			isa = PBXNativeTarget;
			buildConfigurationList = A093FAC55C532323CB8DC676;
			buildPhases = (
				93324DC604E10251A9AEBA70,
			);
			buildRules = (
			);
			dependencies = (
			);
			name = "Earl Grey Matcha Spectral Panner - Shared Code";
			productName = "Earl Grey Matcha Spectral Panner";
			productReference = 7127DE64479E561C80C79DD3;
			productType = "com.apple.product-type.library.static";
		};
		8D411A882CE7D775FA0B2360 /* Earl Grey Matcha Spectral Panner - VST3 Manifest Helper */ = {
			isa = PBXNativeTarget;
			buildConfigurationList = 3D8CB2E9C0B7243AE61C5E77;
			buildPhases = (
				C6F35FD026ABBD109170E463,
				2D1518582FB57E9AFA36D3F5,
				812B15C7BFD772CBF15A6E21,
			);
			buildRules = (
			);
			dependencies = (
			);
			name = "Earl Grey Matcha Spectral Panner - VST3 Manifest Helper";
			productName = "Earl Grey Matcha Spectral Panner";
			productReference = AF912C3B7CAB403C14D1C679;
			productType = "com.apple.product-type.tool";
		};
		AA72A262399D87ADDCD47076 /* Earl Grey Matcha Spectral Panner - VST3 */ = {
			isa = PBXNativeTarget;
			buildConfigurationList = A78848148B2F6B20AF5F35E5;
			buildPhases = (
				5D7EA973E2C7A41C7E0BB549,
				89D27ECE3CA9848B4DE45E65,
				7A543E268C3900DC36170E10,
				7E9403CECEF73A67293FD917,
				F5C9C417C94AA86CEE88EE1F,
				2399E4EF6C6389ACD0B0D8E5,
			);
			buildRules = (
			);
			dependencies = (
				5AFFBDC57C9496890D98DE14,
				5B8EA7AD8EF9CDB1139283F8,
			);
			name = "Earl Grey Matcha Spectral Panner - VST3";
			productName = "Earl Grey Matcha Spectral Panner";
			productReference = 0D8BE569A9C73C1BC4D74325;
			productType = "com.apple.product-type.bundle";
		};
/* End PBXNativeTarget section */

/* Begin PBXProject section */
		1AB511B8C07ED9452CD37110 = {
			isa = PBXProject;
			attributes = {
				BuildIndependentTargetsInParallel = YES;
				LastUpgradeCheck = 1340;
				ORGANIZATIONNAME = "Jiwoo Son";
				TargetAttributes = {
					1A21B1194CF6B2133BB25689 = {
						SystemCapabilities = {
							com.apple.ApplicationGroups.iOS = {
								enabled = 0;
							};
							com.apple.HardenedRuntime = {
								enabled = 0;
							};
							com.apple.InAppPurchase = {
								enabled = 0;
							};
							com.apple.InterAppAudio = {
								enabled = 0;
							};
							com.apple.Push = {
								enabled = 0;
							};
							com.apple.Sandbox = {
								enabled = 0;
							};
						};
					};
					560ADE6BD1FDA2116856033B = {
						SystemCapabilities = {
							com.apple.ApplicationGroups.iOS = {
								enabled = 0;
							};
							com.apple.HardenedRuntime = {
								enabled = 0;
							};
							com.apple.InAppPurchase = {
								enabled = 0;
							};
							com.apple.InterAppAudio = {
								enabled = 0;
							};
							com.apple.Push = {
								enabled = 0;
							};
							com.apple.Sandbox = {
								enabled = 0;
							};
						};
					};
					8D411A882CE7D775FA0B2360 = {
						SystemCapabilities = {
							com.apple.ApplicationGroups.iOS = {
								enabled = 0;
							};
							com.apple.HardenedRuntime = {
								enabled = 0;
							};
							com.apple.InAppPurchase = {
								enabled = 0;
							};
							com.apple.InterAppAudio = {
								enabled = 0;
							};
							com.apple.Push = {
								enabled = 0;
							};
							com.apple.Sandbox = {
								enabled = 0;
							};
						};
					};
					AA72A262399D87ADDCD47076 = {
						SystemCapabilities = {
							com.apple.ApplicationGroups.iOS = {
								enabled = 0;
							};
							com.apple.HardenedRuntime = {
								enabled = 0;
							};
							com.apple.InAppPurchase = {
								enabled = 0;
							};
							com.apple.InterAppAudio = {
								enabled = 0;
							};
							com.apple.Push = {
								enabled = 0;
							};
							com.apple.Sandbox = {
								enabled = 0;
							};
						};
					};
					E7A3A7683E4BA165898FCE88 = {
						SystemCapabilities = {
							com.apple.ApplicationGroups.iOS = {
								enabled = 0;
							};
							com.apple.HardenedRuntime = {
								enabled = 0;
							};
							com.apple.InAppPurchase = {
								enabled = 0;
							};
							com.apple.InterAppAudio = {
								enabled = 0;
							};
							com.apple.Push = {
								enabled = 0;
							};
							com.apple.Sandbox = {
								enabled = 0;
							};
						};
					};
				};
			};
			buildConfigurationList = 5993B8481114C8104540433C;
			compatibilityVersion = "Xcode 3.2";
			hasScannedForEncodings = 0;
			knownRegions = (
				en,
				Base,
			);
			mainGroup = E667528BA828911F64F5F1E8;
			projectDirPath = "";
			projectRoot = "";
			targets = (
				E7A3A7683E4BA165898FCE88,
				AA72A262399D87ADDCD47076,
				1A21B1194CF6B2133BB25689,
				560ADE6BD1FDA2116856033B,
				8D411A882CE7D775FA0B2360,
			);
		};
/* End PBXProject section */

/* Begin PBXResourcesBuildPhase section */
		5D7EA973E2C7A41C7E0BB549 = {
			isa = PBXResourcesBuildPhase;
			buildActionMask = 2147483647;
			files = (
				FC4EDC0614AB83715C650C0C,
			);
			runOnlyForDeploymentPostprocessing = 0;
		};
		7E861B69B6B8BD0AD3CD8142 = {
			isa = PBXResourcesBuildPhase;
			buildActionMask = 2147483647;
			files = (
				FC4EDC0614AB83715C650C0C,
			);
			runOnlyForDeploymentPostprocessing = 0;
		};
/* End PBXResourcesBuildPhase section */

/* Begin PBXShellScriptBuildPhase section */
		2399E4EF6C6389ACD0B0D8E5 /* Install Target */ = {
			isa = PBXShellScriptBuildPhase;
			buildActionMask = 2147483647;
			files = (
			);
			runOnlyForDeploymentPostprocessing = 0;
			name = "Install Target";
			alwaysOutOfDate = 1;
			shellPath = /bin/sh;
			shellScript = "set -euo pipefail\n\nif [[ \"${CONFIGURATION}\" == \"Debug\" ]]; then\n  destinationPath=\"${HOME}/Library/Audio/Plug-Ins/VST3/$(basename \"${TARGET_BUILD_DIR}/${WRAPPER_NAME:-${EXECUTABLE_NAME}}\")\"\nfi\n\nif [[ \"${CONFIGURATION}\" == \"Release\" ]]; then\n  destinationPath=\"${HOME}/Library/Audio/Plug-Ins/VST3/$(basename \"${TARGET_BUILD_DIR}/${WRAPPER_NAME:-${EXECUTABLE_NAME}}\")\"\nfi\n\nif [[ -n \"${destinationPath-}\" ]]; then\n  echo Running rm -rf \\\"${destinationPath}\\\"\n  rm -rf \"${destinationPath}\"\n  echo Running ditto \\\"${TARGET_BUILD_DIR}/${WRAPPER_NAME:-${EXECUTABLE_NAME}}\\\" \\\"${destinationPath}\\\"\n  ditto \"${TARGET_BUILD_DIR}/${WRAPPER_NAME:-${EXECUTABLE_NAME}}\" \"${destinationPath}\"\nfi\n";
		};
		6E41DCA707842DF6C3B039F3 /* Sign Target */ = {
			isa = PBXShellScriptBuildPhase;
			buildActionMask = 2147483647;
			files = (
			);
			runOnlyForDeploymentPostprocessing = 0;
			name = "Sign Target";
			alwaysOutOfDate = 1;
			shellPath = /bin/sh;
			shellScript = "set -euo pipefail\n\necho Signing Identity:	${EXPANDED_CODE_SIGN_IDENTITY_NAME:-${CODE_SIGN_IDENTITY}}\n\nentitlementsFile=\"${TARGET_TEMP_DIR}/${FULL_PRODUCT_NAME}.xcent\"\n\nif [[ ! -f \"${entitlementsFile}\" ]]; then\n  entitlementsFile=\"\"\nfi\n\necho Entitlements File:	${entitlementsFile:-None}\necho\necho Running codesign --force --sign \\\"${EXPANDED_CODE_SIGN_IDENTITY:-${CODE_SIGN_IDENTITY}}\\\" --verbose=4 --timestamp  ${entitlementsFile:+--entitlements \\\"${entitlementsFile}\\\"} --generate-entitlement-der \\\"${CODESIGNING_FOLDER_PATH}\\\"\ncodesign --force --sign \"${EXPANDED_CODE_SIGN_IDENTITY:-${CODE_SIGN_IDENTITY}}\" --verbose=4 --timestamp  ${entitlementsFile:+--entitlements \"${entitlementsFile}\"} --generate-entitlement-der \"${CODESIGNING_FOLDER_PATH}\"\necho\necho Running codesign --verify --deep --verbose=4 \\\"${CODESIGNING_FOLDER_PATH}\\\"\ncodesign --verify --deep --verbose=4 \"${CODESIGNING_FOLDER_PATH}\"\n";
		};
		7E9403CECEF73A67293FD917 /* Create VST3 Manifest */ = {
			isa = PBXShellScriptBuildPhase;
			buildActionMask = 2147483647;
			files = (
			);
			runOnlyForDeploymentPostprocessing = 0;
			name = "Create VST3 Manifest";
			alwaysOutOfDate = 1;
			shellPath = /bin/sh;
			shellScript = "set -euo pipefail\n\necho Running \\\"${CONFIGURATION_BUILD_DIR}/juce_vst3_helper\\\" \\> \\\"${CONFIGURATION_BUILD_DIR}/${WRAPPER_NAME}/Contents/Resources/moduleinfo.json\\\"\n\"${CONFIGURATION_BUILD_DIR}/juce_vst3_helper\" > \"${CONFIGURATION_BUILD_DIR}/${WRAPPER_NAME}/Contents/Resources/moduleinfo.json\"\n";
		};
		812B15C7BFD772CBF15A6E21 /* Sign Target */ = {
			isa = PBXShellScriptBuildPhase;
			buildActionMask = 2147483647;
			files = (
			);
			runOnlyForDeploymentPostprocessing = 0;
			name = "Sign Target";
			alwaysOutOfDate = 1;
			shellPath = /bin/sh;
			shellScript = "set -euo pipefail\n\necho Signing Identity:	${EXPANDED_CODE_SIGN_IDENTITY_NAME:-${CODE_SIGN_IDENTITY}}\n\nentitlementsFile=\"${TARGET_TEMP_DIR}/${FULL_PRODUCT_NAME}.xcent\"\n\nif [[ ! -f \"${entitlementsFile}\" ]]; then\n  entitlementsFile=\"\"\nfi\n\necho Entitlements File:	${entitlementsFile:-None}\necho\necho Running codesign --force --sign \\\"${EXPANDED_CODE_SIGN_IDENTITY:-${CODE_SIGN_IDENTITY}}\\\" --verbose=4 --timestamp  ${entitlementsFile:+--entitlements \\\"${entitlementsFile}\\\"} --generate-entitlement-der \\\"${CODESIGNING_FOLDER_PATH}\\\"\ncodesign --force --sign \"${EXPANDED_CODE_SIGN_IDENTITY:-${CODE_SIGN_IDENTITY}}\" --verbose=4 --timestamp  ${entitlementsFile:+--entitlements \"${entitlementsFile}\"} --generate-entitlement-der \"${CODESIGNING_FOLDER_PATH}\"\necho\necho Running codesign --verify --deep --verbose=4 \\\"${CODESIGNING_FOLDER_PATH}\\\"\ncodesign --verify --deep --verbose=4 \"${CODESIGNING_FOLDER_PATH}\"\n";
		};
		A2417C0E2D44F22360C0E384 /* Install Target */ = {
			isa = PBXShellScriptBuildPhase;
			buildActionMask = 2147483647;
			files = (
			);
			runOnlyForDeploymentPostprocessing = 0;
			name = "Install Target";
			alwaysOutOfDate = 1;
			shellPath = /bin/sh;
			shellScript = "set -euo pipefail\n\nif [[ \"${CONFIGURATION}\" == \"Debug\" ]]; then\n  destinationPath=\"${HOME}/Library/Audio/Plug-Ins/Components/$(basename \"${TARGET_BUILD_DIR}/${WRAPPER_NAME:-${EXECUTABLE_NAME}}\")\"\nfi\n\nif [[ \"${CONFIGURATION}\" == \"Release\" ]]; then\n  destinationPath=\"${HOME}/Library/Audio/Plug-Ins/Components/$(basename \"${TARGET_BUILD_DIR}/${WRAPPER_NAME:-${EXECUTABLE_NAME}}\")\"\nfi\n\nif [[ -n \"${destinationPath-}\" ]]; then\n  echo Running rm -rf \\\"${destinationPath}\\\"\n  rm -rf \"${destinationPath}\"\n  echo Running ditto \\\"${TARGET_BUILD_DIR}/${WRAPPER_NAME:-${EXECUTABLE_NAME}}\\\" \\\"${destinationPath}\\\"\n  ditto \"${TARGET_BUILD_DIR}/${WRAPPER_NAME:-${EXECUTABLE_NAME}}\" \"${destinationPath}\"\nfi\n";
		};
		F5C9C417C94AA86CEE88EE1F /* Sign Target */ = {
			isa = PBXShellScriptBuildPhase;
			buildActionMask = 2147483647;
			files = (
			);
			runOnlyForDeploymentPostprocessing = 0;
			name = "Sign Target";
			alwaysOutOfDate = 1;
			shellPath = /bin/sh;
			shellScript = "set -euo pipefail\n\necho Signing Identity:	${EXPANDED_CODE_SIGN_IDENTITY_NAME:-${CODE_SIGN_IDENTITY}}\n\nentitlementsFile=\"${TARGET_TEMP_DIR}/${FULL_PRODUCT_NAME}.xcent\"\n\nif [[ ! -f \"${entitlementsFile}\" ]]; then\n  entitlementsFile=\"\"\nfi\n\necho Entitlements File:	${entitlementsFile:-None}\necho\necho Running codesign --force --sign \\\"${EXPANDED_CODE_SIGN_IDENTITY:-${CODE_SIGN_IDENTITY}}\\\" --verbose=4 --timestamp  ${entitlementsFile:+--entitlements \\\"${entitlementsFile}\\\"} --generate-entitlement-der \\\"${CODESIGNING_FOLDER_PATH}\\\"\ncodesign --force --sign \"${EXPANDED_CODE_SIGN_IDENTITY:-${CODE_SIGN_IDENTITY}}\" --verbose=4 --timestamp  ${entitlementsFile:+--entitlements \"${entitlementsFile}\"} --generate-entitlement-der \"${CODESIGNING_FOLDER_PATH}\"\necho\necho Running codesign --verify --deep --verbose=4 \\\"${CODESIGNING_FOLDER_PATH}\\\"\ncodesign --verify --deep --verbose=4 \"${CODESIGNING_FOLDER_PATH}\"\n";
		};
/* End PBXShellScriptBuildPhase section */

/* Begin PBXSourcesBuildPhase section */
		88E5BA02E12847751590455A = {
			isa = PBXSourcesBuildPhase;
			buildActionMask = 2147483647;
			files = (
				4CC82D2150D45F47EC644AE4,
				33336E05A61C8B3FF8F1D0D7,
			);
			runOnlyForDeploymentPostprocessing = 0;
		};
		89D27ECE3CA9848B4DE45E65 = {
			isa = PBXSourcesBuildPhase;
			buildActionMask = 2147483647;
			files = (
				71FE499963A251E45FF900E2,
			);
			runOnlyForDeploymentPostprocessing = 0;
		};
		93324DC604E10251A9AEBA70 = {
			isa = PBXSourcesBuildPhase;
			buildActionMask = 2147483647;
			files = (
				0ACD8955CEE3AB4EB0C57C67,
				8F4F9688B796D599020E639B,
				0AA241344601B74769020B17,
				0F37899BA585D987B7F1DE12,
				6415E097AD7981DA9F8836F0,
				FF6F0A8FBE39039140C40772,
				13A0752E8132C597CB95C77C,
				7D179CEF3AA5ECA1932C605C,
				526A81C2C6BDD69A313F0C36,
				9927146FD330F31EB197BD67,
				50CBD6A8E2EE614847D9DBB9,
				D37A6C88D220B7434BF8DDA7,
				6A5E6974706F637957899B64,
				B2A3FCB80046606B11D7B77E,
				4CE6746CEE7EED62814AB14A,
				B0DC55A55B15348EF11CC3A5,
				DD96E502423FAF12EF28621A,
				05E5555C886B984B01A073AF,
				1A30121B8AB276A5A689DACC,
				BE1B2559AA6BD9591C44CF9F,
				F9F434B502E1B8691FFA341C,
				E65A201C69381423C3F8FDAE,
				5A24DEE2E376FB762E13EFE0,
				9DD73BA818BC221868563A23,
				8F3E29A32073FDB47C29DDE9,
				072D65E95ECEC8D0FBFDD19F,
			);
			runOnlyForDeploymentPostprocessing = 0;
		};
		C6F35FD026ABBD109170E463 = {
			isa = PBXSourcesBuildPhase;
			buildActionMask = 2147483647;
			files = (
				5130559A241A5130673913E1,
			);
			runOnlyForDeploymentPostprocessing = 0;
		};
/* End PBXSourcesBuildPhase section */

/* Begin PBXTargetDependency section */
		0E2B3CBB2B2AC7CEEE00BD28 = {
			isa = PBXTargetDependency;
			target = AA72A262399D87ADDCD47076;
		};
		250907FA56CD56CEF6D71DD9 = {
			isa = PBXTargetDependency;
			target = 560ADE6BD1FDA2116856033B;
		};
		30F6D782B847D2E4419CFFAE = {
			isa = PBXTargetDependency;
			target = 1A21B1194CF6B2133BB25689;
		};
		5AFFBDC57C9496890D98DE14 = {
			isa = PBXTargetDependency;
			target = 560ADE6BD1FDA2116856033B;
		};
		5B8EA7AD8EF9CDB1139283F8 = {
			isa = PBXTargetDependency;
			target = 8D411A882CE7D775FA0B2360;
		};
		892DF59E699F035ACE0B2C95 = {
			isa = PBXTargetDependency;
			target = 8D411A882CE7D775FA0B2360;
		};
		FED0581E2DC7CC03DCABCC15 = {
			isa = PBXTargetDependency;
			target = 560ADE6BD1FDA2116856033B;
		};
/* End PBXTargetDependency section */

/* Begin XCBuildConfiguration section */
		08FFA80F67FD2EF404A3A5FA /* Release */ = {
			isa = XCBuildConfiguration;
			buildSettings = {
				CLANG_CXX_LANGUAGE_STANDARD = "c++17";
				CLANG_CXX_LIBRARY = "libc++";
				CLANG_LINK_OBJC_RUNTIME = NO;
				CODE_SIGN_IDENTITY = "-";
				CODE_SIGN_STYLE = Manual;
				COMBINE_HIDPI_IMAGES = YES;
				CONFIGURATION_BUILD_DIR = "$(PROJECT_DIR)/build/$(CONFIGURATION)";
				DEAD_CODE_STRIPPING = YES;
				DEPLOYMENT_POSTPROCESSING = NO;
				EXCLUDED_ARCHS = "";
				GCC_GENERATE_DEBUGGING_SYMBOLS = NO;
				GCC_OPTIMIZATION_LEVEL = 3;
				GCC_PREPROCESSOR_DEFINITIONS = (
					"_NDEBUG=1",
					"NDEBUG=1",
					"JUCE_PROJUCER_VERSION=0x8000d",
					"JUCE_MODULE_AVAILABLE_juce_audio_basics=1",
					"JUCE_MODULE_AVAILABLE_juce_audio_devices=1",
					"JUCE_MODULE_AVAILABLE_juce_audio_formats=1",
					"JUCE_MODULE_AVAILABLE_juce_audio_plugin_client=1",
					"JUCE_MODULE_AVAILABLE_juce_audio_processors=1",
					"JUCE_MODULE_AVAILABLE_juce_audio_processors_headless=1",
					"JUCE_MODULE_AVAILABLE_juce_audio_utils=1",
					"JUCE_MODULE_AVAILABLE_juce_core=1",
					"JUCE_MODULE_AVAILABLE_juce_data_structures=1",
					"JUCE_MODULE_AVAILABLE_juce_dsp=1",
					"JUCE_MODULE_AVAILABLE_juce_events=1",
					"JUCE_MODULE_AVAILABLE_juce_graphics=1",
					"JUCE_MODULE_AVAILABLE_juce_gui_basics=1",
					"JUCE_MODULE_AVAILABLE_juce_gui_extra=1",
					"JUCE_GLOBAL_MODULE_SETTINGS_INCLUDED=1",
					"JUCE_VST3_CAN_REPLACE_VST2=0",
					"JUCE_STRICT_REFCOUNTEDPOINTER=1",
					"JucePlugin_Build_VST=0",
					"JucePlugin_Build_VST3=1",
					"JucePlugin_Build_AU=0",
					"JucePlugin_Build_AUv3=0",
					"JucePlugin_Build_AAX=0",
					"JucePlugin_Build_Standalone=0",
					"JucePlugin_Build_Unity=0",
					"JucePlugin_Build_LV2=0",
					"JucePlugin_Enable_IAA=0",
					"JucePlugin_Enable_ARA=0",
					"JucePlugin_Name=\\\"Earl\\ Grey\\ Matcha\\ Spectral\\ Panner\\\"",
					"JucePlugin_Desc=\\\"Earl\\ Grey\\ Matcha\\ Spectral\\ Panner\\\"",
					"JucePlugin_Manufacturer=\\\"Jiwoo\\ Son\\\"",
					"JucePlugin_ManufacturerWebsite=\\\"www/xelestial.net\\\"",
					"JucePlugin_ManufacturerEmail=\\\"sonjiwoo16@gmail.com\\\"",
					"JucePlugin_ManufacturerCode=0x43736a77",
					"JucePlugin_PluginCode=0x45676d73",
					"JucePlugin_IsSynth=0",
					"JucePlugin_WantsMidiInput=0",
					"JucePlugin_ProducesMidiOutput=0",
					"JucePlugin_IsMidiEffect=0",
					"JucePlugin_EditorRequiresKeyboardFocus=0",
					"JucePlugin_Version=1.0.1",
					"JucePlugin_VersionCode=0x10001",
					"JucePlugin_VersionString=\\\"1.0.1\\\"",
					"JucePlugin_VSTUniqueID=JucePlugin_PluginCode",
					"JucePlugin_VSTCategory=kPlugCategEffect",
					"JucePlugin_Vst3Category=\\\"Fx\\\"",
					"JucePlugin_AUMainType=\\'aufx\\'",
					"JucePlugin_AUSubType=JucePlugin_PluginCode",
					"JucePlugin_AUExportPrefix=EarlGreyMatchaSpectralPannerAU",
					"JucePlugin_AUExportPrefixQuoted=\\\"EarlGreyMatchaSpectralPannerAU\\\"",
					"JucePlugin_AUManufacturerCode=JucePlugin_ManufacturerCode",
					"JucePlugin_CFBundleIdentifier=com.jiwooson.earl-grey-matcha-spectral-panner",
					"JucePlugin_AAXIdentifier=com.JiwooSon.EarlGreyMatchaSpectralPanner",
					"JucePlugin_AAXManufacturerCode=JucePlugin_ManufacturerCode",
					"JucePlugin_AAXProductId=JucePlugin_PluginCode",
					"JucePlugin_AAXCategory=0",
					"JucePlugin_AAXDisableBypass=0",
					"JucePlugin_AAXDisableMultiMono=0",
					"JucePlugin_IAAType=0x61757278",
					"JucePlugin_IAASubType=JucePlugin_PluginCode",
					"JucePlugin_IAAName=\\\"Jiwoo\\ Son:\\ Earl\\ Grey\\ Matcha\\ Spectral\\ Panner\\\"",
					"JucePlugin_VSTNumMidiInputs=16",
					"JucePlugin_VSTNumMidiOutputs=16",
					"JucePlugin_ARAContentTypes=0",
					"JucePlugin_ARATransformationFlags=0",
					"JucePlugin_ARAFactoryID=\\\"com.JiwooSon.EarlGreyMatchaSpectralPanner.factory\\\"",
					"JucePlugin_ARADocumentArchiveID=\\\"com.JiwooSon.EarlGreyMatchaSpectralPanner.aradocumentarchive.1.0.1\\\"",
					"JucePlugin_ARACompatibleArchiveIDs=\\\"\\\"",
					"JUCE_STANDALONE_APPLICATION=JucePlugin_Build_Standalone",
					"JUCER_XCODE_MAC_F6D2F4CF=1",
					"JUCE_APP_VERSION=1.0.1",
					"JUCE_APP_VERSION_HEX=0x10001",
				);
				GCC_VERSION = com.apple.compilers.llvm.clang.1_0;
				GENERATE_PKGINFO_FILE = YES;
				HEADER_SEARCH_PATHS = (
					"/Applications/JUCE/modules/juce_audio_processors_headless/format_types/VST3_SDK",
					"$(SRCROOT)/../../JuceLibraryCode",
					"/Applications/JUCE/modules",
					"/Applications/JUCE/modules/juce_audio_plugin_client/AU",
					"$(inherited)",
				);
				INFOPLIST_FILE = Info-VST3.plist;
				INFOPLIST_PREPROCESS = NO;
				INSTALL_PATH = "$(HOME)/Library/Audio/Plug-Ins/VST3";
				LIBRARY_STYLE = Bundle;
				LLVM_LTO = YES;
				MACOSX_DEPLOYMENT_TARGET = 10.13;
				MTL_HEADER_SEARCH_PATHS = "/Applications/JUCE/modules/juce_audio_processors_headless/format_types/VST3_SDK $(SRCROOT)/../../JuceLibraryCode /Applications/JUCE/modules /Applications/JUCE/modules/juce_audio_plugin_client/AU";
				OTHER_CFLAGS = "$(inherited)";
				OTHER_CPLUSPLUSFLAGS = "$(inherited)";
				OTHER_LDFLAGS = "$(inherited) -bundle -lEarl\\ Grey\\ Matcha\\ Spectral\\ Panner";
				PRODUCT_BUNDLE_IDENTIFIER = com.jiwooson.earl-grey-matcha-spectral-panner;
				PRODUCT_NAME = "Earl Grey Matcha Spectral Panner";
				PROVISIONING_PROFILE_SPECIFIER = "";
				USE_HEADERMAP = NO;
				VALID_ARCHS = "i386 x86_64 arm64 arm64e";
				WRAPPER_EXTENSION = vst3;
			};
			name = Release;
		};
		09E49B0096A24FCD313B29B0 /* Release */ = {
			isa = XCBuildConfiguration;
			buildSettings = {
				CLANG_CXX_LANGUAGE_STANDARD = "c++17";
				CLANG_CXX_LIBRARY = "libc++";
				CLANG_LINK_OBJC_RUNTIME = NO;
				CODE_SIGN_IDENTITY = "-";
				CODE_SIGN_STYLE = Manual;
				COMBINE_HIDPI_IMAGES = YES;
				CONFIGURATION_BUILD_DIR = "$(PROJECT_DIR)/build/$(CONFIGURATION)";
				DEAD_CODE_STRIPPING = YES;
				DEPLOYMENT_POSTPROCESSING = NO;
				EXCLUDED_ARCHS = "";
				GCC_GENERATE_DEBUGGING_SYMBOLS = NO;
				GCC_OPTIMIZATION_LEVEL = 3;
				GCC_PREPROCESSOR_DEFINITIONS = (
					"_NDEBUG=1",
					"NDEBUG=1",
					"JUCE_PROJUCER_VERSION=0x8000d",
					"JUCE_MODULE_AVAILABLE_juce_audio_basics=1",
					"JUCE_MODULE_AVAILABLE_juce_audio_devices=1",
					"JUCE_MODULE_AVAILABLE_juce_audio_formats=1",
					"JUCE_MODULE_AVAILABLE_juce_audio_plugin_client=1",
					"JUCE_MODULE_AVAILABLE_juce_audio_processors=1",
					"JUCE_MODULE_AVAILABLE_juce_audio_processors_headless=1",
					"JUCE_MODULE_AVAILABLE_juce_audio_utils=1",
					"JUCE_MODULE_AVAILABLE_juce_core=1",
					"JUCE_MODULE_AVAILABLE_juce_data_structures=1",
					"JUCE_MODULE_AVAILABLE_juce_dsp=1",
					"JUCE_MODULE_AVAILABLE_juce_events=1",
					"JUCE_MODULE_AVAILABLE_juce_graphics=1",
					"JUCE_MODULE_AVAILABLE_juce_gui_basics=1",
					"JUCE_MODULE_AVAILABLE_juce_gui_extra=1",
					"JUCE_GLOBAL_MODULE_SETTINGS_INCLUDED=1",
					"JUCE_VST3_CAN_REPLACE_VST2=0",
					"JUCE_STRICT_REFCOUNTEDPOINTER=1",
					"JucePlugin_Build_VST=0",
					"JucePlugin_Build_VST3=1",
					"JucePlugin_Build_AU=1",
					"JucePlugin_Build_AUv3=0",
					"JucePlugin_Build_AAX=0",
					"JucePlugin_Build_Standalone=0",
					"JucePlugin_Build_Unity=0",
					"JucePlugin_Build_LV2=0",
					"JucePlugin_Enable_IAA=0",
					"JucePlugin_Enable_ARA=0",
					"JucePlugin_Name=\\\"Earl\\ Grey\\ Matcha\\ Spectral\\ Panner\\\"",
					"JucePlugin_Desc=\\\"Earl\\ Grey\\ Matcha\\ Spectral\\ Panner\\\"",
					"JucePlugin_Manufacturer=\\\"Jiwoo\\ Son\\\"",
					"JucePlugin_ManufacturerWebsite=\\\"www/xelestial.net\\\"",
					"JucePlugin_ManufacturerEmail=\\\"sonjiwoo16@gmail.com\\\"",
					"JucePlugin_ManufacturerCode=0x43736a77",
					"JucePlugin_PluginCode=0x45676d73",
					"JucePlugin_IsSynth=0",
					"JucePlugin_WantsMidiInput=0",
					"JucePlugin_ProducesMidiOutput=0",
					"JucePlugin_IsMidiEffect=0",
					"JucePlugin_EditorRequiresKeyboardFocus=0",
					"JucePlugin_Version=1.0.1",
					"JucePlugin_VersionCode=0x10001",
					"JucePlugin_VersionString=\\\"1.0.1\\\"",
					"JucePlugin_VSTUniqueID=JucePlugin_PluginCode",
					"JucePlugin_VSTCategory=kPlugCategEffect",
					"JucePlugin_Vst3Category=\\\"Fx\\\"",
					"JucePlugin_AUMainType=\\'aufx\\'",
					"JucePlugin_AUSubType=JucePlugin_PluginCode",
					"JucePlugin_AUExportPrefix=EarlGreyMatchaSpectralPannerAU",
					"JucePlugin_AUExportPrefixQuoted=\\\"EarlGreyMatchaSpectralPannerAU\\\"",
					"JucePlugin_AUManufacturerCode=JucePlugin_ManufacturerCode",
					"JucePlugin_CFBundleIdentifier=com.jiwooson.earl-grey-matcha-spectral-panner",
					"JucePlugin_AAXIdentifier=com.JiwooSon.EarlGreyMatchaSpectralPanner",
					"JucePlugin_AAXManufacturerCode=JucePlugin_ManufacturerCode",
					"JucePlugin_AAXProductId=JucePlugin_PluginCode",
					"JucePlugin_AAXCategory=0",
					"JucePlugin_AAXDisableBypass=0",
					"JucePlugin_AAXDisableMultiMono=0",
					"JucePlugin_IAAType=0x61757278",
					"JucePlugin_IAASubType=JucePlugin_PluginCode",
					"JucePlugin_IAAName=\\\"Jiwoo\\ Son:\\ Earl\\ Grey\\ Matcha\\ Spectral\\ Panner\\\"",
					"JucePlugin_VSTNumMidiInputs=16",
					"JucePlugin_VSTNumMidiOutputs=16",
					"JucePlugin_ARAContentTypes=0",
					"JucePlugin_ARATransformationFlags=0",
					"JucePlugin_ARAFactoryID=\\\"com.JiwooSon.EarlGreyMatchaSpectralPanner.factory\\\"",
					"JucePlugin_ARADocumentArchiveID=\\\"com.JiwooSon.EarlGreyMatchaSpectralPanner.aradocumentarchive.1.0.1\\\"",
					"JucePlugin_ARACompatibleArchiveIDs=\\\"\\\"",
					"JUCE_STANDALONE_APPLICATION=JucePlugin_Build_Standalone",
					"JUCER_XCODE_MAC_F6D2F4CF=1",
					"JUCE_APP_VERSION=1.0.1",
					"JUCE_APP_VERSION_HEX=0x10001",
					"JUCE_SHARED_CODE=1",
				);
				GCC_VERSION = com.apple.compilers.llvm.clang.1_0;
				HEADER_SEARCH_PATHS = (
					"/Applications/JUCE/modules/juce_audio_processors_headless/format_types/VST3_SDK",
					"$(SRCROOT)/../../JuceLibraryCode",
					"/Applications/JUCE/modules",
					"/Applications/JUCE/modules/juce_audio_plugin_client/AU",
					"$(inherited)",
				);
				INSTALL_PATH = "@executable_path/../Frameworks";
				LLVM_LTO = YES;
				MACOSX_DEPLOYMENT_TARGET = 10.13;
				MTL_HEADER_SEARCH_PATHS = "/Applications/JUCE/modules/juce_audio_processors_headless/format_types/VST3_SDK $(SRCROOT)/../../JuceLibraryCode /Applications/JUCE/modules /Applications/JUCE/modules/juce_audio_plugin_client/AU";
				OTHER_CFLAGS = "$(inherited)";
				OTHER_CPLUSPLUSFLAGS = "$(inherited)";
				OTHER_LDFLAGS = "$(inherited)";
				PRODUCT_BUNDLE_IDENTIFIER = com.jiwooson.earl-grey-matcha-spectral-panner;
				PRODUCT_NAME = "Earl Grey Matcha Spectral Panner";
				PROVISIONING_PROFILE_SPECIFIER = "";
				SKIP_INSTALL = YES;
				USE_HEADERMAP = NO;
				VALID_ARCHS = "i386 x86_64 arm64 arm64e";
			};
			name = Release;
		};
		4A3479B0776B419FC898F577 /* Debug */ = {
			isa = XCBuildConfiguration;
			buildSettings = {
				ALWAYS_SEARCH_USER_PATHS = NO;
				CLANG_ENABLE_OBJC_WEAK = YES;
				CLANG_WARN_BLOCK_CAPTURE_AUTORELEASING = YES;
				CLANG_WARN_BOOL_CONVERSION = YES;
				CLANG_WARN_COMMA = YES;
				CLANG_WARN_CONSTANT_CONVERSION = YES;
				CLANG_WARN_DEPRECATED_OBJC_IMPLEMENTATIONS = YES;
				CLANG_WARN_EMPTY_BODY = YES;
				CLANG_WARN_ENUM_CONVERSION = YES;
				CLANG_WARN_INFINITE_RECURSION = YES;
				CLANG_WARN_INT_CONVERSION = YES;
				CLANG_WARN_NON_LITERAL_NULL_CONVERSION = YES;
				CLANG_WARN_OBJC_IMPLICIT_RETAIN_SELF = YES;
				CLANG_WARN_OBJC_LITERAL_CONVERSION = YES;
				CLANG_WARN_RANGE_LOOP_ANALYSIS = YES;
				CLANG_WARN_STRICT_PROTOTYPES = YES;
				CLANG_WARN_SUSPICIOUS_MOVE = YES;
				CLANG_WARN_UNREACHABLE_CODE = YES;
				CLANG_WARN__DUPLICATE_METHOD_MATCH = YES;
				CODE_SIGN_IDENTITY = "-";
				DEBUG_INFORMATION_FORMAT = dwarf;
				ENABLE_STRICT_OBJC_MSGSEND = YES;
				ENABLE_TESTABILITY = NO;
				GCC_C_LANGUAGE_STANDARD = c11;
				GCC_INLINES_ARE_PRIVATE_EXTERN = YES;
				GCC_MODEL_TUNING = G5;
				GCC_NO_COMMON_BLOCKS = YES;
				GCC_SYMBOLS_PRIVATE_EXTERN = YES;
				GCC_WARN_64_TO_32_BIT_CONVERSION = YES;
				GCC_WARN_ABOUT_RETURN_TYPE = YES;
				GCC_WARN_CHECK_SWITCH_STATEMENTS = YES;
				GCC_WARN_MISSING_PARENTHESES = YES;
				GCC_WARN_NON_VIRTUAL_DESTRUCTOR = YES;
				GCC_WARN_TYPECHECK_CALLS_TO_PRINTF = YES;
				GCC_WARN_UNDECLARED_SELECTOR = YES;
				GCC_WARN_UNINITIALIZED_AUTOS = YES;
				GCC_WARN_UNUSED_FUNCTION = YES;
				GCC_WARN_UNUSED_VARIABLE = YES;
				ONLY_ACTIVE_ARCH = YES;
				OTHER_CODE_SIGN_FLAGS = "--dryrun";
				PRODUCT_NAME = "Earl Grey Matcha Spectral Panner";
				SDKROOT = macosx;
				WARNING_CFLAGS = "-Wreorder";
				ZERO_LINK = NO;
			};
			name = Debug;
		};
		540752EE26C75A006DC744ED /* Release */ = {
			isa = XCBuildConfiguration;
			buildSettings = {
				CLANG_CXX_LANGUAGE_STANDARD = "c++17";
				CLANG_CXX_LIBRARY = "libc++";
				CLANG_LINK_OBJC_RUNTIME = NO;
				CODE_SIGN_IDENTITY = "-";
				CODE_SIGN_STYLE = Manual;
				COMBINE_HIDPI_IMAGES = YES;
				CONFIGURATION_BUILD_DIR = "$(PROJECT_DIR)/build/$(CONFIGURATION)";
				DEAD_CODE_STRIPPING = YES;
				DEPLOYMENT_POSTPROCESSING = NO;
				EXCLUDED_ARCHS = "";
				GCC_GENERATE_DEBUGGING_SYMBOLS = NO;
				GCC_OPTIMIZATION_LEVEL = 3;
				GCC_PREPROCESSOR_DEFINITIONS = (
					"_NDEBUG=1",
					"NDEBUG=1",
					"JUCE_PROJUCER_VERSION=0x8000d",
					"JUCE_MODULE_AVAILABLE_juce_audio_basics=1",
					"JUCE_MODULE_AVAILABLE_juce_audio_devices=1",
					"JUCE_MODULE_AVAILABLE_juce_audio_formats=1",
					"JUCE_MODULE_AVAILABLE_juce_audio_plugin_client=1",
					"JUCE_MODULE_AVAILABLE_juce_audio_processors=1",
					"JUCE_MODULE_AVAILABLE_juce_audio_processors_headless=1",
					"JUCE_MODULE_AVAILABLE_juce_audio_utils=1",
					"JUCE_MODULE_AVAILABLE_juce_core=1",
					"JUCE_MODULE_AVAILABLE_juce_data_structures=1",
					"JUCE_MODULE_AVAILABLE_juce_dsp=1",
					"JUCE_MODULE_AVAILABLE_juce_events=1",
					"JUCE_MODULE_AVAILABLE_juce_graphics=1",
					"JUCE_MODULE_AVAILABLE_juce_gui_basics=1",
					"JUCE_MODULE_AVAILABLE_juce_gui_extra=1",
					"JUCE_GLOBAL_MODULE_SETTINGS_INCLUDED=1",
					"JUCE_VST3_CAN_REPLACE_VST2=0",
					"JUCE_STRICT_REFCOUNTEDPOINTER=1",
					"JucePlugin_Build_VST=0",
					"JucePlugin_Build_VST3=0",
					"JucePlugin_Build_AU=1",
					"JucePlugin_Build_AUv3=0",
					"JucePlugin_Build_AAX=0",
					"JucePlugin_Build_Standalone=0",
					"JucePlugin_Build_Unity=0",
					"JucePlugin_Build_LV2=0",
					"JucePlugin_Enable_IAA=0",
					"JucePlugin_Enable_ARA=0",
					"JucePlugin_Name=\\\"Earl\\ Grey\\ Matcha\\ Spectral\\ Panner\\\"",
					"JucePlugin_Desc=\\\"Earl\\ Grey\\ Matcha\\ Spectral\\ Panner\\\"",
					"JucePlugin_Manufacturer=\\\"Jiwoo\\ Son\\\"",
					"JucePlugin_ManufacturerWebsite=\\\"www/xelestial.net\\\"",
					"JucePlugin_ManufacturerEmail=\\\"sonjiwoo16@gmail.com\\\"",
					"JucePlugin_ManufacturerCode=0x43736a77",
					"JucePlugin_PluginCode=0x45676d73",
					"JucePlugin_IsSynth=0",
					"JucePlugin_WantsMidiInput=0",
					"JucePlugin_ProducesMidiOutput=0",
					"JucePlugin_IsMidiEffect=0",
					"JucePlugin_EditorRequiresKeyboardFocus=0",
					"JucePlugin_Version=1.0.1",
					"JucePlugin_VersionCode=0x10001",
					"JucePlugin_VersionString=\\\"1.0.1\\\"",
					"JucePlugin_VSTUniqueID=JucePlugin_PluginCode",
					"JucePlugin_VSTCategory=kPlugCategEffect",
					"JucePlugin_Vst3Category=\\\"Fx\\\"",
					"JucePlugin_AUMainType=\\'aufx\\'",
					"JucePlugin_AUSubType=JucePlugin_PluginCode",
					"JucePlugin_AUExportPrefix=EarlGreyMatchaSpectralPannerAU",
					"JucePlugin_AUExportPrefixQuoted=\\\"EarlGreyMatchaSpectralPannerAU\\\"",
					"JucePlugin_AUManufacturerCode=JucePlugin_ManufacturerCode",
					"JucePlugin_CFBundleIdentifier=com.jiwooson.earl-grey-matcha-spectral-panner",
					"JucePlugin_AAXIdentifier=com.JiwooSon.EarlGreyMatchaSpectralPanner",
					"JucePlugin_AAXManufacturerCode=JucePlugin_ManufacturerCode",
					"JucePlugin_AAXProductId=JucePlugin_PluginCode",
					"JucePlugin_AAXCategory=0",
					"JucePlugin_AAXDisableBypass=0",
					"JucePlugin_AAXDisableMultiMono=0",
					"JucePlugin_IAAType=0x61757278",
					"JucePlugin_IAASubType=JucePlugin_PluginCode",
					"JucePlugin_IAAName=\\\"Jiwoo\\ Son:\\ Earl\\ Grey\\ Matcha\\ Spectral\\ Panner\\\"",
					"JucePlugin_VSTNumMidiInputs=16",
					"JucePlugin_VSTNumMidiOutputs=16",
					"JucePlugin_ARAContentTypes=0",
					"JucePlugin_ARATransformationFlags=0",
					"JucePlugin_ARAFactoryID=\\\"com.JiwooSon.EarlGreyMatchaSpectralPanner.factory\\\"",
					"JucePlugin_ARADocumentArchiveID=\\\"com.JiwooSon.EarlGreyMatchaSpectralPanner.aradocumentarchive.1.0.1\\\"",
					"JucePlugin_ARACompatibleArchiveIDs=\\\"\\\"",
					"JUCE_STANDALONE_APPLICATION=JucePlugin_Build_Standalone",
					"JUCER_XCODE_MAC_F6D2F4CF=1",
					"JUCE_APP_VERSION=1.0.1",
					"JUCE_APP_VERSION_HEX=0x10001",
				);
				GCC_VERSION = com.apple.compilers.llvm.clang.1_0;
				GENERATE_PKGINFO_FILE = YES;
				HEADER_SEARCH_PATHS = (
					"/Applications/JUCE/modules/juce_audio_processors_headless/format_types/VST3_SDK",
					"$(SRCROOT)/../../JuceLibraryCode",
					"/Applications/JUCE/modules",
					"/Applications/JUCE/modules/juce_audio_plugin_client/AU",
					"$(inherited)",
				);
				INFOPLIST_FILE = Info-AU.plist;
				INFOPLIST_PREPROCESS = NO;
				INSTALL_PATH = "$(HOME)/Library/Audio/Plug-Ins/Components";
				LIBRARY_STYLE = Bundle;
				LLVM_LTO = YES;
				MACOSX_DEPLOYMENT_TARGET = 10.13;
				MTL_HEADER_SEARCH_PATHS = "/Applications/JUCE/modules/juce_audio_processors_headless/format_types/VST3_SDK $(SRCROOT)/../../JuceLibraryCode /Applications/JUCE/modules /Applications/JUCE/modules/juce_audio_plugin_client/AU";
				OTHER_CFLAGS = "$(inherited)";
				OTHER_CPLUSPLUSFLAGS = "$(inherited)";
				OTHER_LDFLAGS = "$(inherited) -bundle -lEarl\\ Grey\\ Matcha\\ Spectral\\ Panner";
				OTHER_REZFLAGS = "-d ppc_$ppc -d i386_$i386 -d ppc64_$ppc64 -d x86_64_$x86_64 -d arm64_$arm64 -I /System/Library/Frameworks/CoreServices.framework/Frameworks/CarbonCore.framework/Versions/A/Headers -I \"$(DEVELOPER_DIR)/Extras/CoreAudio/AudioUnits/AUPublic/AUBase\" -I \"$(DEVELOPER_DIR)/Platforms/MacOSX.platform/Developer/SDKs/MacOSX.sdk/System/Library/Frameworks/AudioUnit.framework/Headers\"";
				PRODUCT_BUNDLE_IDENTIFIER = com.jiwooson.earl-grey-matcha-spectral-panner;
				PRODUCT_NAME = "Earl Grey Matcha Spectral Panner";
				PROVISIONING_PROFILE_SPECIFIER = "";
				USE_HEADERMAP = NO;
				VALID_ARCHS = "i386 x86_64 arm64 arm64e";
				WRAPPER_EXTENSION = component;
			};
			name = Release;
		};
		B83C1287121AE19AF42B8226 /* Debug */ = {
			isa = XCBuildConfiguration;
			buildSettings = {
				CLANG_CXX_LANGUAGE_STANDARD = "c++17";
				CLANG_CXX_LIBRARY = "libc++";
				CLANG_LINK_OBJC_RUNTIME = NO;
				CODE_SIGN_IDENTITY = "-";
				CODE_SIGN_STYLE = Manual;
				COMBINE_HIDPI_IMAGES = YES;
				CONFIGURATION_BUILD_DIR = "$(PROJECT_DIR)/build/$(CONFIGURATION)";
				COPY_PHASE_STRIP = NO;
				DEPLOYMENT_POSTPROCESSING = NO;
				EXCLUDED_ARCHS = "";
				GCC_DYNAMIC_NO_PIC = NO;
				GCC_OPTIMIZATION_LEVEL = 0;
				GCC_PREPROCESSOR_DEFINITIONS = (
					"_DEBUG=1",
					"DEBUG=1",
					"JUCE_PROJUCER_VERSION=0x8000d",
					"JUCE_MODULE_AVAILABLE_juce_audio_basics=1",
					"JUCE_MODULE_AVAILABLE_juce_audio_devices=1",
					"JUCE_MODULE_AVAILABLE_juce_audio_formats=1",
					"JUCE_MODULE_AVAILABLE_juce_audio_plugin_client=1",
					"JUCE_MODULE_AVAILABLE_juce_audio_processors=1",
					"JUCE_MODULE_AVAILABLE_juce_audio_processors_headless=1",
					"JUCE_MODULE_AVAILABLE_juce_audio_utils=1",
					"JUCE_MODULE_AVAILABLE_juce_core=1",
					"JUCE_MODULE_AVAILABLE_juce_data_structures=1",
					"JUCE_MODULE_AVAILABLE_juce_dsp=1",
					"JUCE_MODULE_AVAILABLE_juce_events=1",
					"JUCE_MODULE_AVAILABLE_juce_graphics=1",
					"JUCE_MODULE_AVAILABLE_juce_gui_basics=1",
					"JUCE_MODULE_AVAILABLE_juce_gui_extra=1",
					"JUCE_GLOBAL_MODULE_SETTINGS_INCLUDED=1",
					"JUCE_VST3_CAN_REPLACE_VST2=0",
					"JUCE_STRICT_REFCOUNTEDPOINTER=1",
					"JucePlugin_Build_VST=0",
					"JucePlugin_Build_VST3=0",
					"JucePlugin_Build_AU=1",
					"JucePlugin_Build_AUv3=0",
					"JucePlugin_Build_AAX=0",
					"JucePlugin_Build_Standalone=0",
					"JucePlugin_Build_Unity=0",
					"JucePlugin_Build_LV2=0",
					"JucePlugin_Enable_IAA=0",
					"JucePlugin_Enable_ARA=0",
					"JucePlugin_Name=\\\"Earl\\ Grey\\ Matcha\\ Spectral\\ Panner\\\"",
					"JucePlugin_Desc=\\\"Earl\\ Grey\\ Matcha\\ Spectral\\ Panner\\\"",
					"JucePlugin_Manufacturer=\\\"Jiwoo\\ Son\\\"",
					"JucePlugin_ManufacturerWebsite=\\\"www/xelestial.net\\\"",
					"JucePlugin_ManufacturerEmail=\\\"sonjiwoo16@gmail.com\\\"",
					"JucePlugin_ManufacturerCode=0x43736a77",
					"JucePlugin_PluginCode=0x45676d73",
					"JucePlugin_IsSynth=0",
					"JucePlugin_WantsMidiInput=0",
					"JucePlugin_ProducesMidiOutput=0",
					"JucePlugin_IsMidiEffect=0",
					"JucePlugin_EditorRequiresKeyboardFocus=0",
					"JucePlugin_Version=1.0.1",
					"JucePlugin_VersionCode=0x10001",
					"JucePlugin_VersionString=\\\"1.0.1\\\"",
					"JucePlugin_VSTUniqueID=JucePlugin_PluginCode",
					"JucePlugin_VSTCategory=kPlugCategEffect",
					"JucePlugin_Vst3Category=\\\"Fx\\\"",
					"JucePlugin_AUMainType=\\'aufx\\'",
					"JucePlugin_AUSubType=JucePlugin_PluginCode",
					"JucePlugin_AUExportPrefix=EarlGreyMatchaSpectralPannerAU",
					"JucePlugin_AUExportPrefixQuoted=\\\"EarlGreyMatchaSpectralPannerAU\\\"",
					"JucePlugin_AUManufacturerCode=JucePlugin_ManufacturerCode",
					"JucePlugin_CFBundleIdentifier=com.jiwooson.earl-grey-matcha-spectral-panner",
					"JucePlugin_AAXIdentifier=com.JiwooSon.EarlGreyMatchaSpectralPanner",
					"JucePlugin_AAXManufacturerCode=JucePlugin_ManufacturerCode",
					"JucePlugin_AAXProductId=JucePlugin_PluginCode",
					"JucePlugin_AAXCategory=0",
					"JucePlugin_AAXDisableBypass=0",
					"JucePlugin_AAXDisableMultiMono=0",
					"JucePlugin_IAAType=0x61757278",
					"JucePlugin_IAASubType=JucePlugin_PluginCode",
					"JucePlugin_IAAName=\\\"Jiwoo\\ Son:\\ Earl\\ Grey\\ Matcha\\ Spectral\\ Panner\\\"",
					"JucePlugin_VSTNumMidiInputs=16",
					"JucePlugin_VSTNumMidiOutputs=16",
					"JucePlugin_ARAContentTypes=0",
					"JucePlugin_ARATransformationFlags=0",
					"JucePlugin_ARAFactoryID=\\\"com.JiwooSon.EarlGreyMatchaSpectralPanner.factory\\\"",
					"JucePlugin_ARADocumentArchiveID=\\\"com.JiwooSon.EarlGreyMatchaSpectralPanner.aradocumentarchive.1.0.1\\\"",
					"JucePlugin_ARACompatibleArchiveIDs=\\\"\\\"",
					"JUCE_STANDALONE_APPLICATION=JucePlugin_Build_Standalone",
					"JUCER_XCODE_MAC_F6D2F4CF=1",
					"JUCE_APP_VERSION=1.0.1",
					"JUCE_APP_VERSION_HEX=0x10001",
				);
				GCC_VERSION = com.apple.compilers.llvm.clang.1_0;
				GENERATE_PKGINFO_FILE = YES;
				HEADER_SEARCH_PATHS = (
					"/Applications/JUCE/modules/juce_audio_processors_headless/format_types/VST3_SDK",
					"$(SRCROOT)/../../JuceLibraryCode",
					"/Applications/JUCE/modules",
					"/Applications/JUCE/modules/juce_audio_plugin_client/AU",
					"$(inherited)",
				);
				INFOPLIST_FILE = Info-AU.plist;
				INFOPLIST_PREPROCESS = NO;
				INSTALL_PATH = "$(HOME)/Library/Audio/Plug-Ins/Components";
				LIBRARY_STYLE = Bundle;
				MACOSX_DEPLOYMENT_TARGET = 10.13;
				MTL_HEADER_SEARCH_PATHS = "/Applications/JUCE/modules/juce_audio_processors_headless/format_types/VST3_SDK $(SRCROOT)/../../JuceLibraryCode /Applications/JUCE/modules /Applications/JUCE/modules/juce_audio_plugin_client/AU";
				OTHER_CFLAGS = "$(inherited)";
				OTHER_CPLUSPLUSFLAGS = "$(inherited)";
				OTHER_LDFLAGS = "$(inherited) -bundle -lEarl\\ Grey\\ Matcha\\ Spectral\\ Panner";
				OTHER_REZFLAGS = "-d ppc_$ppc -d i386_$i386 -d ppc64_$ppc64 -d x86_64_$x86_64 -d arm64_$arm64 -I /System/Library/Frameworks/CoreServices.framework/Frameworks/CarbonCore.framework/Versions/A/Headers -I \"$(DEVELOPER_DIR)/Extras/CoreAudio/AudioUnits/AUPublic/AUBase\" -I \"$(DEVELOPER_DIR)/Platforms/MacOSX.platform/Developer/SDKs/MacOSX.sdk/System/Library/Frameworks/AudioUnit.framework/Headers\"";
				PRODUCT_BUNDLE_IDENTIFIER = com.jiwooson.earl-grey-matcha-spectral-panner;
				PRODUCT_NAME = "Earl Grey Matcha Spectral Panner";
				PROVISIONING_PROFILE_SPECIFIER = "";
				USE_HEADERMAP = NO;
				VALID_ARCHS = "i386 x86_64 arm64 arm64e";
				WRAPPER_EXTENSION = component;
			};
			name = Debug;
		};
		BF8A3F0DB4D7D6B62F61DF56 /* Debug */ = {
			isa = XCBuildConfiguration;
			buildSettings = {
				CLANG_CXX_LANGUAGE_STANDARD = "c++17";
				CLANG_CXX_LIBRARY = "libc++";
				CLANG_LINK_OBJC_RUNTIME = NO;
				CODE_SIGN_IDENTITY = "-";
				CODE_SIGN_STYLE = Manual;
				COMBINE_HIDPI_IMAGES = YES;
				CONFIGURATION_BUILD_DIR = "$(PROJECT_DIR)/build/$(CONFIGURATION)";
				COPY_PHASE_STRIP = NO;
				DEPLOYMENT_POSTPROCESSING = NO;
				EXCLUDED_ARCHS = "";
				GCC_DYNAMIC_NO_PIC = NO;
				GCC_OPTIMIZATION_LEVEL = 0;
				GCC_PREPROCESSOR_DEFINITIONS = (
					"_DEBUG=1",
					"DEBUG=1",
					"JUCE_PROJUCER_VERSION=0x8000d",
					"JUCE_MODULE_AVAILABLE_juce_audio_basics=1",
					"JUCE_MODULE_AVAILABLE_juce_audio_devices=1",
					"JUCE_MODULE_AVAILABLE_juce_audio_formats=1",
					"JUCE_MODULE_AVAILABLE_juce_audio_plugin_client=1",
					"JUCE_MODULE_AVAILABLE_juce_audio_processors=1",
					"JUCE_MODULE_AVAILABLE_juce_audio_processors_headless=1",
					"JUCE_MODULE_AVAILABLE_juce_audio_utils=1",
					"JUCE_MODULE_AVAILABLE_juce_core=1",
					"JUCE_MODULE_AVAILABLE_juce_data_structures=1",
					"JUCE_MODULE_AVAILABLE_juce_dsp=1",
					"JUCE_MODULE_AVAILABLE_juce_events=1",
					"JUCE_MODULE_AVAILABLE_juce_graphics=1",
					"JUCE_MODULE_AVAILABLE_juce_gui_basics=1",
					"JUCE_MODULE_AVAILABLE_juce_gui_extra=1",
					"JUCE_GLOBAL_MODULE_SETTINGS_INCLUDED=1",
					"JUCE_VST3_CAN_REPLACE_VST2=0",
					"JUCE_STRICT_REFCOUNTEDPOINTER=1",
					"JucePlugin_Build_VST=0",
					"JucePlugin_Build_VST3=1",
					"JucePlugin_Build_AU=1",
					"JucePlugin_Build_AUv3=0",
					"JucePlugin_Build_AAX=0",
					"JucePlugin_Build_Standalone=0",
					"JucePlugin_Build_Unity=0",
					"JucePlugin_Build_LV2=0",
					"JucePlugin_Enable_IAA=0",
					"JucePlugin_Enable_ARA=0",
					"JucePlugin_Name=\\\"Earl\\ Grey\\ Matcha\\ Spectral\\ Panner\\\"",
					"JucePlugin_Desc=\\\"Earl\\ Grey\\ Matcha\\ Spectral\\ Panner\\\"",
					"JucePlugin_Manufacturer=\\\"Jiwoo\\ Son\\\"",
					"JucePlugin_ManufacturerWebsite=\\\"www/xelestial.net\\\"",
					"JucePlugin_ManufacturerEmail=\\\"sonjiwoo16@gmail.com\\\"",
					"JucePlugin_ManufacturerCode=0x43736a77",
					"JucePlugin_PluginCode=0x45676d73",
					"JucePlugin_IsSynth=0",
					"JucePlugin_WantsMidiInput=0",
					"JucePlugin_ProducesMidiOutput=0",
					"JucePlugin_IsMidiEffect=0",
					"JucePlugin_EditorRequiresKeyboardFocus=0",
					"JucePlugin_Version=1.0.1",
					"JucePlugin_VersionCode=0x10001",
					"JucePlugin_VersionString=\\\"1.0.1\\\"",
					"JucePlugin_VSTUniqueID=JucePlugin_PluginCode",
					"JucePlugin_VSTCategory=kPlugCategEffect",
					"JucePlugin_Vst3Category=\\\"Fx\\\"",
					"JucePlugin_AUMainType=\\'aufx\\'",
					"JucePlugin_AUSubType=JucePlugin_PluginCode",
					"JucePlugin_AUExportPrefix=EarlGreyMatchaSpectralPannerAU",
					"JucePlugin_AUExportPrefixQuoted=\\\"EarlGreyMatchaSpectralPannerAU\\\"",
					"JucePlugin_AUManufacturerCode=JucePlugin_ManufacturerCode",
					"JucePlugin_CFBundleIdentifier=com.jiwooson.earl-grey-matcha-spectral-panner",
					"JucePlugin_AAXIdentifier=com.JiwooSon.EarlGreyMatchaSpectralPanner",
					"JucePlugin_AAXManufacturerCode=JucePlugin_ManufacturerCode",
					"JucePlugin_AAXProductId=JucePlugin_PluginCode",
					"JucePlugin_AAXCategory=0",
					"JucePlugin_AAXDisableBypass=0",
					"JucePlugin_AAXDisableMultiMono=0",
					"JucePlugin_IAAType=0x61757278",
					"JucePlugin_IAASubType=JucePlugin_PluginCode",
					"JucePlugin_IAAName=\\\"Jiwoo\\ Son:\\ Earl\\ Grey\\ Matcha\\ Spectral\\ Panner\\\"",
					"JucePlugin_VSTNumMidiInputs=16",
					"JucePlugin_VSTNumMidiOutputs=16",
					"JucePlugin_ARAContentTypes=0",
					"JucePlugin_ARATransformationFlags=0",
					"JucePlugin_ARAFactoryID=\\\"com.JiwooSon.EarlGreyMatchaSpectralPanner.factory\\\"",
					"JucePlugin_ARADocumentArchiveID=\\\"com.JiwooSon.EarlGreyMatchaSpectralPanner.aradocumentarchive.1.0.1\\\"",
					"JucePlugin_ARACompatibleArchiveIDs=\\\"\\\"",
					"JUCE_STANDALONE_APPLICATION=JucePlugin_Build_Standalone",
					"JUCER_XCODE_MAC_F6D2F4CF=1",
					"JUCE_APP_VERSION=1.0.1",
					"JUCE_APP_VERSION_HEX=0x10001",
					"JUCE_SHARED_CODE=1",
				);
				GCC_VERSION = com.apple.compilers.llvm.clang.1_0;
				HEADER_SEARCH_PATHS = (
					"/Applications/JUCE/modules/juce_audio_processors_headless/format_types/VST3_SDK",
					"$(SRCROOT)/../../JuceLibraryCode",
					"/Applications/JUCE/modules",
					"/Applications/JUCE/modules/juce_audio_plugin_client/AU",
					"$(inherited)",
				);
				INSTALL_PATH = "@executable_path/../Frameworks";
				MACOSX_DEPLOYMENT_TARGET = 10.13;
				MTL_HEADER_SEARCH_PATHS = "/Applications/JUCE/modules/juce_audio_processors_headless/format_types/VST3_SDK $(SRCROOT)/../../JuceLibraryCode /Applications/JUCE/modules /Applications/JUCE/modules/juce_audio_plugin_client/AU";
				OTHER_CFLAGS = "$(inherited)";
				OTHER_CPLUSPLUSFLAGS = "$(inherited)";
				OTHER_LDFLAGS = "$(inherited)";
				PRODUCT_BUNDLE_IDENTIFIER = com.jiwooson.earl-grey-matcha-spectral-panner;
				PRODUCT_NAME = "Earl Grey Matcha Spectral Panner";
				PROVISIONING_PROFILE_SPECIFIER = "";
				SKIP_INSTALL = YES;
				USE_HEADERMAP = NO;
				VALID_ARCHS = "i386 x86_64 arm64 arm64e";
			};
			name = Debug;
		};
		C8385FA28E4312EBE949A642 /* Release */ = {
			isa = XCBuildConfiguration;
			buildSettings = {
				CLANG_CXX_LANGUAGE_STANDARD = "c++17";
				CLANG_CXX_LIBRARY = "libc++";
				CLANG_LINK_OBJC_RUNTIME = NO;
				CODE_SIGN_ENTITLEMENTS = "";
				CODE_SIGN_IDENTITY = "-";
				CODE_SIGN_STYLE = Manual;
				COMBINE_HIDPI_IMAGES = YES;
				CONFIGURATION_BUILD_DIR = "$(PROJECT_DIR)/build/$(CONFIGURATION)";
				DEAD_CODE_STRIPPING = YES;
				DEPLOYMENT_POSTPROCESSING = NO;
				EXCLUDED_ARCHS = "";
				GCC_GENERATE_DEBUGGING_SYMBOLS = NO;
				GCC_OPTIMIZATION_LEVEL = 3;
				GCC_PREPROCESSOR_DEFINITIONS = (
					"_NDEBUG=1",
					"NDEBUG=1",
					"JUCE_PROJUCER_VERSION=0x8000d",
					"JUCE_MODULE_AVAILABLE_juce_audio_basics=1",
					"JUCE_MODULE_AVAILABLE_juce_audio_devices=1",
					"JUCE_MODULE_AVAILABLE_juce_audio_formats=1",
					"JUCE_MODULE_AVAILABLE_juce_audio_plugin_client=1",
					"JUCE_MODULE_AVAILABLE_juce_audio_processors=1",
					"JUCE_MODULE_AVAILABLE_juce_audio_processors_headless=1",
					"JUCE_MODULE_AVAILABLE_juce_audio_utils=1",
					"JUCE_MODULE_AVAILABLE_juce_core=1",
					"JUCE_MODULE_AVAILABLE_juce_data_structures=1",
					"JUCE_MODULE_AVAILABLE_juce_dsp=1",
					"JUCE_MODULE_AVAILABLE_juce_events=1",
					"JUCE_MODULE_AVAILABLE_juce_graphics=1",
					"JUCE_MODULE_AVAILABLE_juce_gui_basics=1",
					"JUCE_MODULE_AVAILABLE_juce_gui_extra=1",
					"JUCE_GLOBAL_MODULE_SETTINGS_INCLUDED=1",
					"JUCE_VST3_CAN_REPLACE_VST2=0",
					"JUCE_STRICT_REFCOUNTEDPOINTER=1",
					"JucePlugin_Build_VST=0",
					"JucePlugin_Build_VST3=0",
					"JucePlugin_Build_AU=0",
					"JucePlugin_Build_AUv3=0",
					"JucePlugin_Build_AAX=0",
					"JucePlugin_Build_Standalone=0",
					"JucePlugin_Build_Unity=0",
					"JucePlugin_Build_LV2=0",
					"JucePlugin_Enable_IAA=0",
					"JucePlugin_Enable_ARA=0",
					"JucePlugin_Name=\\\"Earl\\ Grey\\ Matcha\\ Spectral\\ Panner\\\"",
					"JucePlugin_Desc=\\\"Earl\\ Grey\\ Matcha\\ Spectral\\ Panner\\\"",
					"JucePlugin_Manufacturer=\\\"Jiwoo\\ Son\\\"",
					"JucePlugin_ManufacturerWebsite=\\\"www/xelestial.net\\\"",
					"JucePlugin_ManufacturerEmail=\\\"sonjiwoo16@gmail.com\\\"",
					"JucePlugin_ManufacturerCode=0x43736a77",
					"JucePlugin_PluginCode=0x45676d73",
					"JucePlugin_IsSynth=0",
					"JucePlugin_WantsMidiInput=0",
					"JucePlugin_ProducesMidiOutput=0",
					"JucePlugin_IsMidiEffect=0",
					"JucePlugin_EditorRequiresKeyboardFocus=0",
					"JucePlugin_Version=1.0.1",
					"JucePlugin_VersionCode=0x10001",
					"JucePlugin_VersionString=\\\"1.0.1\\\"",
					"JucePlugin_VSTUniqueID=JucePlugin_PluginCode",
					"JucePlugin_VSTCategory=kPlugCategEffect",
					"JucePlugin_Vst3Category=\\\"Fx\\\"",
					"JucePlugin_AUMainType=\\'aufx\\'",
					"JucePlugin_AUSubType=JucePlugin_PluginCode",
					"JucePlugin_AUExportPrefix=EarlGreyMatchaSpectralPannerAU",
					"JucePlugin_AUExportPrefixQuoted=\\\"EarlGreyMatchaSpectralPannerAU\\\"",
					"JucePlugin_AUManufacturerCode=JucePlugin_ManufacturerCode",
					"JucePlugin_CFBundleIdentifier=com.jiwooson.earl-grey-matcha-spectral-panner",
					"JucePlugin_AAXIdentifier=com.JiwooSon.EarlGreyMatchaSpectralPanner",
					"JucePlugin_AAXManufacturerCode=JucePlugin_ManufacturerCode",
					"JucePlugin_AAXProductId=JucePlugin_PluginCode",
					"JucePlugin_AAXCategory=0",
					"JucePlugin_AAXDisableBypass=0",
					"JucePlugin_AAXDisableMultiMono=0",
					"JucePlugin_IAAType=0x61757278",
					"JucePlugin_IAASubType=JucePlugin_PluginCode",
					"JucePlugin_IAAName=\\\"Jiwoo\\ Son:\\ Earl\\ Grey\\ Matcha\\ Spectral\\ Panner\\\"",
					"JucePlugin_VSTNumMidiInputs=16",
					"JucePlugin_VSTNumMidiOutputs=16",
					"JucePlugin_ARAContentTypes=0",
					"JucePlugin_ARATransformationFlags=0",
					"JucePlugin_ARAFactoryID=\\\"com.JiwooSon.EarlGreyMatchaSpectralPanner.factory\\\"",
					"JucePlugin_ARADocumentArchiveID=\\\"com.JiwooSon.EarlGreyMatchaSpectralPanner.aradocumentarchive.1.0.1\\\"",
					"JucePlugin_ARACompatibleArchiveIDs=\\\"\\\"",
					"JUCE_STANDALONE_APPLICATION=JucePlugin_Build_Standalone",
					"JUCER_XCODE_MAC_F6D2F4CF=1",
					"JUCE_APP_VERSION=1.0.1",
					"JUCE_APP_VERSION_HEX=0x10001",
				);
				GCC_VERSION = com.apple.compilers.llvm.clang.1_0;
				HEADER_SEARCH_PATHS = (
					"/Applications/JUCE/modules/juce_audio_processors_headless/format_types/VST3_SDK",
					"$(SRCROOT)/../../JuceLibraryCode",
					"/Applications/JUCE/modules",
					"/Applications/JUCE/modules/juce_audio_plugin_client/AU",
					"$(inherited)",
				);
				INFOPLIST_FILE = Info-VST3_Manifest_Helper.plist;
				INFOPLIST_PREPROCESS = NO;
				LLVM_LTO = YES;
				MACOSX_DEPLOYMENT_TARGET = 10.13;
				MTL_HEADER_SEARCH_PATHS = "/Applications/JUCE/modules/juce_audio_processors_headless/format_types/VST3_SDK $(SRCROOT)/../../JuceLibraryCode /Applications/JUCE/modules /Applications/JUCE/modules/juce_audio_plugin_client/AU";
				OTHER_CFLAGS = "$(inherited)";
				OTHER_CODE_SIGN_FLAGS = "";
				OTHER_CPLUSPLUSFLAGS = "$(inherited)";
				OTHER_LDFLAGS = "$(inherited)";
				PRODUCT_BUNDLE_IDENTIFIER = com.jiwooson.earl-grey-matcha-spectral-panner;
				PRODUCT_NAME = "juce_vst3_helper";
				PROVISIONING_PROFILE_SPECIFIER = "";
				USE_HEADERMAP = NO;
				VALID_ARCHS = "i386 x86_64 arm64 arm64e";
			};
			name = Release;
		};
		D021097C2D136A0CAB011BBE /* Release */ = {
			isa = XCBuildConfiguration;
			buildSettings = {
				ALWAYS_SEARCH_USER_PATHS = NO;
				CLANG_ENABLE_OBJC_WEAK = YES;
				CLANG_WARN_BLOCK_CAPTURE_AUTORELEASING = YES;
				CLANG_WARN_BOOL_CONVERSION = YES;
				CLANG_WARN_COMMA = YES;
				CLANG_WARN_CONSTANT_CONVERSION = YES;
				CLANG_WARN_DEPRECATED_OBJC_IMPLEMENTATIONS = YES;
				CLANG_WARN_EMPTY_BODY = YES;
				CLANG_WARN_ENUM_CONVERSION = YES;
				CLANG_WARN_INFINITE_RECURSION = YES;
				CLANG_WARN_INT_CONVERSION = YES;
				CLANG_WARN_NON_LITERAL_NULL_CONVERSION = YES;
				CLANG_WARN_OBJC_IMPLICIT_RETAIN_SELF = YES;
				CLANG_WARN_OBJC_LITERAL_CONVERSION = YES;
				CLANG_WARN_RANGE_LOOP_ANALYSIS = YES;
				CLANG_WARN_STRICT_PROTOTYPES = YES;
				CLANG_WARN_SUSPICIOUS_MOVE = YES;
				CLANG_WARN_UNREACHABLE_CODE = YES;
				CLANG_WARN__DUPLICATE_METHOD_MATCH = YES;
				CODE_SIGN_IDENTITY = "-";
				DEBUG_INFORMATION_FORMAT = dwarf;
				ENABLE_STRICT_OBJC_MSGSEND = YES;
				ENABLE_TESTABILITY = NO;
				GCC_C_LANGUAGE_STANDARD = c11;
				GCC_INLINES_ARE_PRIVATE_EXTERN = YES;
				GCC_MODEL_TUNING = G5;
				GCC_NO_COMMON_BLOCKS = YES;
				GCC_SYMBOLS_PRIVATE_EXTERN = YES;
				GCC_WARN_64_TO_32_BIT_CONVERSION = YES;
				GCC_WARN_ABOUT_RETURN_TYPE = YES;
				GCC_WARN_CHECK_SWITCH_STATEMENTS = YES;
				GCC_WARN_MISSING_PARENTHESES = YES;
				GCC_WARN_NON_VIRTUAL_DESTRUCTOR = YES;
				GCC_WARN_TYPECHECK_CALLS_TO_PRINTF = YES;
				GCC_WARN_UNDECLARED_SELECTOR = YES;
				GCC_WARN_UNINITIALIZED_AUTOS = YES;
				GCC_WARN_UNUSED_FUNCTION = YES;
				GCC_WARN_UNUSED_VARIABLE = YES;
				OTHER_CODE_SIGN_FLAGS = "--dryrun";
				PRODUCT_NAME = "Earl Grey Matcha Spectral Panner";
				SDKROOT = macosx;
				WARNING_CFLAGS = "-Wreorder";
				ZERO_LINK = NO;
			};
			name = Release;
		};
		D8B4D3CB6D74C3F47F031E20 /* Release */ = {
			isa = XCBuildConfiguration;
			buildSettings = {
				MACOSX_DEPLOYMENT_TARGET = 10.13;
				SDKROOT = macosx;
			};
			name = Release;
		};
		E6C92AA0FAEFF9646FAE7354 /* Debug */ = {
			isa = XCBuildConfiguration;
			buildSettings = {
				MACOSX_DEPLOYMENT_TARGET = 10.13;
				SDKROOT = macosx;
			};
			name = Debug;
		};
		EEA30D719D244A11DF61493B /* Debug */ = {
			isa = XCBuildConfiguration;
			buildSettings = {
				CLANG_CXX_LANGUAGE_STANDARD = "c++17";
				CLANG_CXX_LIBRARY = "libc++";
				CLANG_LINK_OBJC_RUNTIME = NO;
				CODE_SIGN_IDENTITY = "-";
				CODE_SIGN_STYLE = Manual;
				COMBINE_HIDPI_IMAGES = YES;
				CONFIGURATION_BUILD_DIR = "$(PROJECT_DIR)/build/$(CONFIGURATION)";
				COPY_PHASE_STRIP = NO;
				DEPLOYMENT_POSTPROCESSING = NO;
				EXCLUDED_ARCHS = "";
				GCC_DYNAMIC_NO_PIC = NO;
				GCC_OPTIMIZATION_LEVEL = 0;
				GCC_PREPROCESSOR_DEFINITIONS = (
					"_DEBUG=1",
					"DEBUG=1",
					"JUCE_PROJUCER_VERSION=0x8000d",
					"JUCE_MODULE_AVAILABLE_juce_audio_basics=1",
					"JUCE_MODULE_AVAILABLE_juce_audio_devices=1",
					"JUCE_MODULE_AVAILABLE_juce_audio_formats=1",
					"JUCE_MODULE_AVAILABLE_juce_audio_plugin_client=1",
					"JUCE_MODULE_AVAILABLE_juce_audio_processors=1",
					"JUCE_MODULE_AVAILABLE_juce_audio_processors_headless=1",
					"JUCE_MODULE_AVAILABLE_juce_audio_utils=1",
					"JUCE_MODULE_AVAILABLE_juce_core=1",
					"JUCE_MODULE_AVAILABLE_juce_data_structures=1",
					"JUCE_MODULE_AVAILABLE_juce_dsp=1",
					"JUCE_MODULE_AVAILABLE_juce_events=1",
					"JUCE_MODULE_AVAILABLE_juce_graphics=1",
					"JUCE_MODULE_AVAILABLE_juce_gui_basics=1",
					"JUCE_MODULE_AVAILABLE_juce_gui_extra=1",
					"JUCE_GLOBAL_MODULE_SETTINGS_INCLUDED=1",
					"JUCE_VST3_CAN_REPLACE_VST2=0",
					"JUCE_STRICT_REFCOUNTEDPOINTER=1",
					"JucePlugin_Build_VST=0",
					"JucePlugin_Build_VST3=1",
					"JucePlugin_Build_AU=0",
					"JucePlugin_Build_AUv3=0",
					"JucePlugin_Build_AAX=0",
					"JucePlugin_Build_Standalone=0",
					"JucePlugin_Build_Unity=0",
					"JucePlugin_Build_LV2=0",
					"JucePlugin_Enable_IAA=0",
					"JucePlugin_Enable_ARA=0",
					"JucePlugin_Name=\\\"Earl\\ Grey\\ Matcha\\ Spectral\\ Panner\\\"",
					"JucePlugin_Desc=\\\"Earl\\ Grey\\ Matcha\\ Spectral\\ Panner\\\"",
					"JucePlugin_Manufacturer=\\\"Jiwoo\\ Son\\\"",
					"JucePlugin_ManufacturerWebsite=\\\"www/xelestial.net\\\"",
					"JucePlugin_ManufacturerEmail=\\\"sonjiwoo16@gmail.com\\\"",
					"JucePlugin_ManufacturerCode=0x43736a77",
					"JucePlugin_PluginCode=0x45676d73",
					"JucePlugin_IsSynth=0",
					"JucePlugin_WantsMidiInput=0",
					"JucePlugin_ProducesMidiOutput=0",
					"JucePlugin_IsMidiEffect=0",
					"JucePlugin_EditorRequiresKeyboardFocus=0",
					"JucePlugin_Version=1.0.1",
					"JucePlugin_VersionCode=0x10001",
					"JucePlugin_VersionString=\\\"1.0.1\\\"",
					"JucePlugin_VSTUniqueID=JucePlugin_PluginCode",
					"JucePlugin_VSTCategory=kPlugCategEffect",
					"JucePlugin_Vst3Category=\\\"Fx\\\"",
					"JucePlugin_AUMainType=\\'aufx\\'",
					"JucePlugin_AUSubType=JucePlugin_PluginCode",
					"JucePlugin_AUExportPrefix=EarlGreyMatchaSpectralPannerAU",
					"JucePlugin_AUExportPrefixQuoted=\\\"EarlGreyMatchaSpectralPannerAU\\\"",
					"JucePlugin_AUManufacturerCode=JucePlugin_ManufacturerCode",
					"JucePlugin_CFBundleIdentifier=com.jiwooson.earl-grey-matcha-spectral-panner",
					"JucePlugin_AAXIdentifier=com.JiwooSon.EarlGreyMatchaSpectralPanner",
					"JucePlugin_AAXManufacturerCode=JucePlugin_ManufacturerCode",
					"JucePlugin_AAXProductId=JucePlugin_PluginCode",
					"JucePlugin_AAXCategory=0",
					"JucePlugin_AAXDisableBypass=0",
					"JucePlugin_AAXDisableMultiMono=0",
					"JucePlugin_IAAType=0x61757278",
					"JucePlugin_IAASubType=JucePlugin_PluginCode",
					"JucePlugin_IAAName=\\\"Jiwoo\\ Son:\\ Earl\\ Grey\\ Matcha\\ Spectral\\ Panner\\\"",
					"JucePlugin_VSTNumMidiInputs=16",
					"JucePlugin_VSTNumMidiOutputs=16",
					"JucePlugin_ARAContentTypes=0",
					"JucePlugin_ARATransformationFlags=0",
					"JucePlugin_ARAFactoryID=\\\"com.JiwooSon.EarlGreyMatchaSpectralPanner.factory\\\"",
					"JucePlugin_ARADocumentArchiveID=\\\"com.JiwooSon.EarlGreyMatchaSpectralPanner.aradocumentarchive.1.0.1\\\"",
					"JucePlugin_ARACompatibleArchiveIDs=\\\"\\\"",
					"JUCE_STANDALONE_APPLICATION=JucePlugin_Build_Standalone",
					"JUCER_XCODE_MAC_F6D2F4CF=1",
					"JUCE_APP_VERSION=1.0.1",
					"JUCE_APP_VERSION_HEX=0x10001",
				);
				GCC_VERSION = com.apple.compilers.llvm.clang.1_0;
				GENERATE_PKGINFO_FILE = YES;
				HEADER_SEARCH_PATHS = (
					"/Applications/JUCE/modules/juce_audio_processors_headless/format_types/VST3_SDK",
					"$(SRCROOT)/../../JuceLibraryCode",
					"/Applications/JUCE/modules",
					"/Applications/JUCE/modules/juce_audio_plugin_client/AU",
					"$(inherited)",
				);
				INFOPLIST_FILE = Info-VST3.plist;
				INFOPLIST_PREPROCESS = NO;
				INSTALL_PATH = "$(HOME)/Library/Audio/Plug-Ins/VST3";
				LIBRARY_STYLE = Bundle;
				MACOSX_DEPLOYMENT_TARGET = 10.13;
				MTL_HEADER_SEARCH_PATHS = "/Applications/JUCE/modules/juce_audio_processors_headless/format_types/VST3_SDK $(SRCROOT)/../../JuceLibraryCode /Applications/JUCE/modules /Applications/JUCE/modules/juce_audio_plugin_client/AU";
				OTHER_CFLAGS = "$(inherited)";
				OTHER_CPLUSPLUSFLAGS = "$(inherited)";
				OTHER_LDFLAGS = "$(inherited) -bundle -lEarl\\ Grey\\ Matcha\\ Spectral\\ Panner";
				PRODUCT_BUNDLE_IDENTIFIER = com.jiwooson.earl-grey-matcha-spectral-panner;
				PRODUCT_NAME = "Earl Grey Matcha Spectral Panner";
				PROVISIONING_PROFILE_SPECIFIER = "";
				USE_HEADERMAP = NO;
				VALID_ARCHS = "i386 x86_64 arm64 arm64e";
				WRAPPER_EXTENSION = vst3;
			};
			name = Debug;
		};
		F5E35A28AABFF3EF8DD95498 /* Debug */ = {
			isa = XCBuildConfiguration;
			buildSettings = {
				CLANG_CXX_LANGUAGE_STANDARD = "c++17";
				CLANG_CXX_LIBRARY = "libc++";
				CLANG_LINK_OBJC_RUNTIME = NO;
				CODE_SIGN_ENTITLEMENTS = "";
				CODE_SIGN_IDENTITY = "-";
				CODE_SIGN_STYLE = Manual;
				COMBINE_HIDPI_IMAGES = YES;
				CONFIGURATION_BUILD_DIR = "$(PROJECT_DIR)/build/$(CONFIGURATION)";
				COPY_PHASE_STRIP = NO;
				DEPLOYMENT_POSTPROCESSING = NO;
				EXCLUDED_ARCHS = "";
				GCC_DYNAMIC_NO_PIC = NO;
				GCC_OPTIMIZATION_LEVEL = 0;
				GCC_PREPROCESSOR_DEFINITIONS = (
					"_DEBUG=1",
					"DEBUG=1",
					"JUCE_PROJUCER_VERSION=0x8000d",
					"JUCE_MODULE_AVAILABLE_juce_audio_basics=1",
					"JUCE_MODULE_AVAILABLE_juce_audio_devices=1",
					"JUCE_MODULE_AVAILABLE_juce_audio_formats=1",
					"JUCE_MODULE_AVAILABLE_juce_audio_plugin_client=1",
					"JUCE_MODULE_AVAILABLE_juce_audio_processors=1",
					"JUCE_MODULE_AVAILABLE_juce_audio_processors_headless=1",
					"JUCE_MODULE_AVAILABLE_juce_audio_utils=1",
					"JUCE_MODULE_AVAILABLE_juce_core=1",
					"JUCE_MODULE_AVAILABLE_juce_data_structures=1",
					"JUCE_MODULE_AVAILABLE_juce_dsp=1",
					"JUCE_MODULE_AVAILABLE_juce_events=1",
					"JUCE_MODULE_AVAILABLE_juce_graphics=1",
					"JUCE_MODULE_AVAILABLE_juce_gui_basics=1",
					"JUCE_MODULE_AVAILABLE_juce_gui_extra=1",
					"JUCE_GLOBAL_MODULE_SETTINGS_INCLUDED=1",
					"JUCE_VST3_CAN_REPLACE_VST2=0",
					"JUCE_STRICT_REFCOUNTEDPOINTER=1",
					"JucePlugin_Build_VST=0",
					"JucePlugin_Build_VST3=0",
					"JucePlugin_Build_AU=0",
					"JucePlugin_Build_AUv3=0",
					"JucePlugin_Build_AAX=0",
					"JucePlugin_Build_Standalone=0",
					"JucePlugin_Build_Unity=0",
					"JucePlugin_Build_LV2=0",
					"JucePlugin_Enable_IAA=0",
					"JucePlugin_Enable_ARA=0",
					"JucePlugin_Name=\\\"Earl\\ Grey\\ Matcha\\ Spectral\\ Panner\\\"",
					"JucePlugin_Desc=\\\"Earl\\ Grey\\ Matcha\\ Spectral\\ Panner\\\"",
					"JucePlugin_Manufacturer=\\\"Jiwoo\\ Son\\\"",
					"JucePlugin_ManufacturerWebsite=\\\"www/xelestial.net\\\"",
					"JucePlugin_ManufacturerEmail=\\\"sonjiwoo16@gmail.com\\\"",
					"JucePlugin_ManufacturerCode=0x43736a77",
					"JucePlugin_PluginCode=0x45676d73",
					"JucePlugin_IsSynth=0",
					"JucePlugin_WantsMidiInput=0",
					"JucePlugin_ProducesMidiOutput=0",
					"JucePlugin_IsMidiEffect=0",
					"JucePlugin_EditorRequiresKeyboardFocus=0",
					"JucePlugin_Version=1.0.1",
					"JucePlugin_VersionCode=0x10001",
					"JucePlugin_VersionString=\\\"1.0.1\\\"",
					"JucePlugin_VSTUniqueID=JucePlugin_PluginCode",
					"JucePlugin_VSTCategory=kPlugCategEffect",
					"JucePlugin_Vst3Category=\\\"Fx\\\"",
					"JucePlugin_AUMainType=\\'aufx\\'",
					"JucePlugin_AUSubType=JucePlugin_PluginCode",
					"JucePlugin_AUExportPrefix=EarlGreyMatchaSpectralPannerAU",
					"JucePlugin_AUExportPrefixQuoted=\\\"EarlGreyMatchaSpectralPannerAU\\\"",
					"JucePlugin_AUManufacturerCode=JucePlugin_ManufacturerCode",
					"JucePlugin_CFBundleIdentifier=com.jiwooson.earl-grey-matcha-spectral-panner",
					"JucePlugin_AAXIdentifier=com.JiwooSon.EarlGreyMatchaSpectralPanner",
					"JucePlugin_AAXManufacturerCode=JucePlugin_ManufacturerCode",
					"JucePlugin_AAXProductId=JucePlugin_PluginCode",
					"JucePlugin_AAXCategory=0",
					"JucePlugin_AAXDisableBypass=0",
					"JucePlugin_AAXDisableMultiMono=0",
					"JucePlugin_IAAType=0x61757278",
					"JucePlugin_IAASubType=JucePlugin_PluginCode",
					"JucePlugin_IAAName=\\\"Jiwoo\\ Son:\\ Earl\\ Grey\\ Matcha\\ Spectral\\ Panner\\\"",
					"JucePlugin_VSTNumMidiInputs=16",
					"JucePlugin_VSTNumMidiOutputs=16",
					"JucePlugin_ARAContentTypes=0",
					"JucePlugin_ARATransformationFlags=0",
					"JucePlugin_ARAFactoryID=\\\"com.JiwooSon.EarlGreyMatchaSpectralPanner.factory\\\"",
					"JucePlugin_ARADocumentArchiveID=\\\"com.JiwooSon.EarlGreyMatchaSpectralPanner.aradocumentarchive.1.0.1\\\"",
					"JucePlugin_ARACompatibleArchiveIDs=\\\"\\\"",
					"JUCE_STANDALONE_APPLICATION=JucePlugin_Build_Standalone",
					"JUCER_XCODE_MAC_F6D2F4CF=1",
					"JUCE_APP_VERSION=1.0.1",
					"JUCE_APP_VERSION_HEX=0x10001",
				);
				GCC_VERSION = com.apple.compilers.llvm.clang.1_0;
				HEADER_SEARCH_PATHS = (
					"/Applications/JUCE/modules/juce_audio_processors_headless/format_types/VST3_SDK",
					"$(SRCROOT)/../../JuceLibraryCode",
					"/Applications/JUCE/modules",
					"/Applications/JUCE/modules/juce_audio_plugin_client/AU",
					"$(inherited)",
				);
				INFOPLIST_FILE = Info-VST3_Manifest_Helper.plist;
				INFOPLIST_PREPROCESS = NO;
				MACOSX_DEPLOYMENT_TARGET = 10.13;
				MTL_HEADER_SEARCH_PATHS = "/Applications/JUCE/modules/juce_audio_processors_headless/format_types/VST3_SDK $(SRCROOT)/../../JuceLibraryCode /Applications/JUCE/modules /Applications/JUCE/modules/juce_audio_plugin_client/AU";
				OTHER_CFLAGS = "$(inherited)";
				OTHER_CODE_SIGN_FLAGS = "";
				OTHER_CPLUSPLUSFLAGS = "$(inherited)";
				OTHER_LDFLAGS = "$(inherited)";
				PRODUCT_BUNDLE_IDENTIFIER = com.jiwooson.earl-grey-matcha-spectral-panner;
				PRODUCT_NAME = "juce_vst3_helper";
				PROVISIONING_PROFILE_SPECIFIER = "";
				USE_HEADERMAP = NO;
				VALID_ARCHS = "i386 x86_64 arm64 arm64e";
			};
			name = Debug;
		};
/* End XCBuildConfiguration section */

/* Begin XCConfigurationList section */
		3D8CB2E9C0B7243AE61C5E77 = {
			isa = XCConfigurationList;
			buildConfigurations = (
				F5E35A28AABFF3EF8DD95498,
				C8385FA28E4312EBE949A642,
			);
			defaultConfigurationIsVisible = 0;
			defaultConfigurationName = Debug;
		};
		5993B8481114C8104540433C = {
			isa = XCConfigurationList;
			buildConfigurations = (
				4A3479B0776B419FC898F577,
				D021097C2D136A0CAB011BBE,
			);
			defaultConfigurationIsVisible = 0;
			defaultConfigurationName = Debug;
		};
		90E6EE4114C66E056419ED09 = {
			isa = XCConfigurationList;
			buildConfigurations = (
				E6C92AA0FAEFF9646FAE7354,
				D8B4D3CB6D74C3F47F031E20,
			);
			defaultConfigurationIsVisible = 0;
			defaultConfigurationName = Debug;
		};
		A093FAC55C532323CB8DC676 = {
			isa = XCConfigurationList;
			buildConfigurations = (
				BF8A3F0DB4D7D6B62F61DF56,
				09E49B0096A24FCD313B29B0,
			);
			defaultConfigurationIsVisible = 0;
			defaultConfigurationName = Debug;
		};
		A78848148B2F6B20AF5F35E5 = {
			isa = XCConfigurationList;
			buildConfigurations = (
				EEA30D719D244A11DF61493B,
				08FFA80F67FD2EF404A3A5FA,
			);
			defaultConfigurationIsVisible = 0;
			defaultConfigurationName = Debug;
		};
		EE943EF18F5DDBC596E2A9EA = {
			isa = XCConfigurationList;
			buildConfigurations = (
				B83C1287121AE19AF42B8226,
				540752EE26C75A006DC744ED,
			);
			defaultConfigurationIsVisible = 0;
			defaultConfigurationName = Debug;
		};
/* End XCConfigurationList section */
	};
	rootObject = 1AB511B8C07ED9452CD37110 /* Project object */;
}
